// !$*UTF8*$!
{
	archiveVersion = 1;
	classes = {
	};
	objectVersion = 46;
	objects = {

/* Begin PBXBuildFile section */
		3D07BF3A1BB17E52006BEC2B /* FRiOSFeedbackTableViewController.h in Headers */ = {isa = PBXBuildFile; fileRef = 3D07BF381BB17E52006BEC2B /* FRiOSFeedbackTableViewController.h */; settings = {ASSET_TAGS = (); }; };
		3D07BF3B1BB17E52006BEC2B /* FRiOSFeedbackTableViewController.m in Sources */ = {isa = PBXBuildFile; fileRef = 3D07BF391BB17E52006BEC2B /* FRiOSFeedbackTableViewController.m */; settings = {ASSET_TAGS = (); }; };
		3D07BF461BB18CD5006BEC2B /* FRiOSFeedbackTableViewTextViewCell.h in Headers */ = {isa = PBXBuildFile; fileRef = 3D07BF441BB18CD5006BEC2B /* FRiOSFeedbackTableViewTextViewCell.h */; settings = {ASSET_TAGS = (); }; };
		3D07BF471BB18CD5006BEC2B /* FRiOSFeedbackTableViewTextViewCell.m in Sources */ = {isa = PBXBuildFile; fileRef = 3D07BF451BB18CD5006BEC2B /* FRiOSFeedbackTableViewTextViewCell.m */; settings = {ASSET_TAGS = (); }; };
		3D07BF501BB19682006BEC2B /* FRiOSFeedbackTableViewEmailCell.h in Headers */ = {isa = PBXBuildFile; fileRef = 3D07BF4E1BB19681006BEC2B /* FRiOSFeedbackTableViewEmailCell.h */; settings = {ASSET_TAGS = (); }; };
		3D07BF511BB19682006BEC2B /* FRiOSFeedbackTableViewEmailCell.m in Sources */ = {isa = PBXBuildFile; fileRef = 3D07BF4F1BB19681006BEC2B /* FRiOSFeedbackTableViewEmailCell.m */; settings = {ASSET_TAGS = (); }; };
		3D07BF521BB19693006BEC2B /* FRiOSFeedbackTableViewEmailCell.xib in Resources */ = {isa = PBXBuildFile; fileRef = 3D07BF541BB19693006BEC2B /* FRiOSFeedbackTableViewEmailCell.xib */; };
		3D07BF551BB19697006BEC2B /* FRiOSFeedbackTableViewTextViewCell.xib in Resources */ = {isa = PBXBuildFile; fileRef = 3D07BF571BB19697006BEC2B /* FRiOSFeedbackTableViewTextViewCell.xib */; };
		3D07BF5B1BB19F2D006BEC2B /* FRiOSFeedbackTableViewTabPickerCell.h in Headers */ = {isa = PBXBuildFile; fileRef = 3D07BF581BB19F2D006BEC2B /* FRiOSFeedbackTableViewTabPickerCell.h */; settings = {ASSET_TAGS = (); }; };
		3D07BF5C1BB19F2D006BEC2B /* FRiOSFeedbackTableViewTabPickerCell.m in Sources */ = {isa = PBXBuildFile; fileRef = 3D07BF591BB19F2D006BEC2B /* FRiOSFeedbackTableViewTabPickerCell.m */; settings = {ASSET_TAGS = (); }; };
		3D07BF631BB1A008006BEC2B /* FRiOSFeedbackTableViewTabPickerCell.xib in Resources */ = {isa = PBXBuildFile; fileRef = 3D07BF651BB1A008006BEC2B /* FRiOSFeedbackTableViewTabPickerCell.xib */; };
		3D07BF6D1BB1C272006BEC2B /* FRiOSFeedbackTableViewCheckmarkCell.h in Headers */ = {isa = PBXBuildFile; fileRef = 3D07BF6A1BB1C272006BEC2B /* FRiOSFeedbackTableViewCheckmarkCell.h */; settings = {ASSET_TAGS = (); }; };
		3D07BF6E1BB1C272006BEC2B /* FRiOSFeedbackTableViewCheckmarkCell.m in Sources */ = {isa = PBXBuildFile; fileRef = 3D07BF6B1BB1C272006BEC2B /* FRiOSFeedbackTableViewCheckmarkCell.m */; settings = {ASSET_TAGS = (); }; };
		3D07BF721BB1C29D006BEC2B /* FRiOSFeedbackTableViewCheckmarkCell.xib in Resources */ = {isa = PBXBuildFile; fileRef = 3D07BF741BB1C29D006BEC2B /* FRiOSFeedbackTableViewCheckmarkCell.xib */; };
		3D1711301BACC11D0094EF89 /* FRExceptionReportingApplication.m in Sources */ = {isa = PBXBuildFile; fileRef = 3D77A12C1BAC987700789333 /* FRExceptionReportingApplication.m */; settings = {ASSET_TAGS = (); }; };
		3D1711321BACC18A0094EF89 /* FRFeedbackReporter.m in Sources */ = {isa = PBXBuildFile; fileRef = 3D77A1321BAC987700789333 /* FRFeedbackReporter.m */; settings = {ASSET_TAGS = (); }; };
		3D1711331BACC18B0094EF89 /* FRFeedbackReporter.m in Sources */ = {isa = PBXBuildFile; fileRef = 3D77A1321BAC987700789333 /* FRFeedbackReporter.m */; settings = {ASSET_TAGS = (); }; };
		3D69753C1BB30D53005AC2B8 /* FeedbackReporter_iOS.strings in Resources */ = {isa = PBXBuildFile; fileRef = 3D69753A1BB30D53005AC2B8 /* FeedbackReporter_iOS.strings */; settings = {ASSET_TAGS = (); }; };
		3D6F54701BB31C7F00401F16 /* FeedbackReporter.strings in Resources */ = {isa = PBXBuildFile; fileRef = 3D6975301BB30C50005AC2B8 /* FeedbackReporter.strings */; settings = {ASSET_TAGS = (); }; };
		3D77A0E71BAC979000789333 /* F53FeedbackKit.h in Headers */ = {isa = PBXBuildFile; fileRef = 3D77A0E61BAC979000789333 /* F53FeedbackKit.h */; settings = {ATTRIBUTES = (Public, ); }; };
		3D77A0EE1BAC979000789333 /* F53FeedbackKit.framework in Frameworks */ = {isa = PBXBuildFile; fileRef = 3D77A0E31BAC979000789333 /* F53FeedbackKit.framework */; };
		3D77A1051BAC97BC00789333 /* F53FeedbackKit_iOS.h in Headers */ = {isa = PBXBuildFile; fileRef = 3D77A1041BAC97BC00789333 /* F53FeedbackKit_iOS.h */; settings = {ATTRIBUTES = (Public, ); }; };
		3D77A10C1BAC97BC00789333 /* F53FeedbackKit_iOS.framework in Frameworks */ = {isa = PBXBuildFile; fileRef = 3D77A1021BAC97BC00789333 /* F53FeedbackKit_iOS.framework */; };
		3D77A1521BAC987700789333 /* FRApplication.h in Headers */ = {isa = PBXBuildFile; fileRef = 3D77A1201BAC987700789333 /* FRApplication.h */; };
		3D77A1531BAC987700789333 /* FRApplication.h in Headers */ = {isa = PBXBuildFile; fileRef = 3D77A1201BAC987700789333 /* FRApplication.h */; };
		3D77A1541BAC987700789333 /* FRApplication.m in Sources */ = {isa = PBXBuildFile; fileRef = 3D77A1211BAC987700789333 /* FRApplication.m */; };
		3D77A1551BAC987700789333 /* FRApplication.m in Sources */ = {isa = PBXBuildFile; fileRef = 3D77A1211BAC987700789333 /* FRApplication.m */; };
		3D77A1561BAC987700789333 /* FRCommand.h in Headers */ = {isa = PBXBuildFile; fileRef = 3D77A1221BAC987700789333 /* FRCommand.h */; };
		3D77A1581BAC987700789333 /* FRCommand.m in Sources */ = {isa = PBXBuildFile; fileRef = 3D77A1231BAC987700789333 /* FRCommand.m */; };
		3D77A15C1BAC987700789333 /* FRConsoleLog.m in Sources */ = {isa = PBXBuildFile; fileRef = 3D77A1251BAC987700789333 /* FRConsoleLog.m */; };
		3D77A15E1BAC987700789333 /* FRConstants.h in Headers */ = {isa = PBXBuildFile; fileRef = 3D77A1261BAC987700789333 /* FRConstants.h */; };
		3D77A15F1BAC987700789333 /* FRConstants.h in Headers */ = {isa = PBXBuildFile; fileRef = 3D77A1261BAC987700789333 /* FRConstants.h */; };
		3D77A1601BAC987700789333 /* FRCrashLogFinder.h in Headers */ = {isa = PBXBuildFile; fileRef = 3D77A1271BAC987700789333 /* FRCrashLogFinder.h */; };
		3D77A1621BAC987700789333 /* FRCrashLogFinder.m in Sources */ = {isa = PBXBuildFile; fileRef = 3D77A1281BAC987700789333 /* FRCrashLogFinder.m */; };
		3D77A1641BAC987700789333 /* FRDocumentList.h in Headers */ = {isa = PBXBuildFile; fileRef = 3D77A1291BAC987700789333 /* FRDocumentList.h */; };
		3D77A1661BAC987700789333 /* FRDocumentList.m in Sources */ = {isa = PBXBuildFile; fileRef = 3D77A12A1BAC987700789333 /* FRDocumentList.m */; };
		3D77A16C1BAC987700789333 /* FRFeedbackController.h in Headers */ = {isa = PBXBuildFile; fileRef = 3D77A12D1BAC987700789333 /* FRFeedbackController.h */; };
		3D77A1741BAC987700789333 /* FRFeedbackReporter.h in Headers */ = {isa = PBXBuildFile; fileRef = 3D77A1311BAC987700789333 /* FRFeedbackReporter.h */; settings = {ATTRIBUTES = (Public, ); }; };
		3D77A1751BAC987700789333 /* FRFeedbackReporter.h in Headers */ = {isa = PBXBuildFile; fileRef = 3D77A1311BAC987700789333 /* FRFeedbackReporter.h */; settings = {ATTRIBUTES = (Public, ); }; };
		3D77A1781BAC987700789333 /* FRProgressWindow.h in Headers */ = {isa = PBXBuildFile; fileRef = 3D77A1331BAC987700789333 /* FRProgressWindow.h */; };
		3D77A17A1BAC987700789333 /* FRProgressWindow.m in Sources */ = {isa = PBXBuildFile; fileRef = 3D77A1341BAC987700789333 /* FRProgressWindow.m */; };
		3D77A17C1BAC987700789333 /* FRSystemProfile.h in Headers */ = {isa = PBXBuildFile; fileRef = 3D77A1351BAC987700789333 /* FRSystemProfile.h */; };
		3D77A17D1BAC987700789333 /* FRSystemProfile.h in Headers */ = {isa = PBXBuildFile; fileRef = 3D77A1351BAC987700789333 /* FRSystemProfile.h */; };
		3D77A17E1BAC987700789333 /* FRSystemProfile.m in Sources */ = {isa = PBXBuildFile; fileRef = 3D77A1361BAC987700789333 /* FRSystemProfile.m */; };
		3D77A17F1BAC987700789333 /* FRSystemProfile.m in Sources */ = {isa = PBXBuildFile; fileRef = 3D77A1361BAC987700789333 /* FRSystemProfile.m */; };
		3D77A1801BAC987700789333 /* FRUploader.h in Headers */ = {isa = PBXBuildFile; fileRef = 3D77A1371BAC987700789333 /* FRUploader.h */; };
		3D77A1811BAC987700789333 /* FRUploader.h in Headers */ = {isa = PBXBuildFile; fileRef = 3D77A1371BAC987700789333 /* FRUploader.h */; };
		3D77A1821BAC987700789333 /* FRUploader.m in Sources */ = {isa = PBXBuildFile; fileRef = 3D77A1381BAC987700789333 /* FRUploader.m */; };
		3D77A1831BAC987700789333 /* FRUploader.m in Sources */ = {isa = PBXBuildFile; fileRef = 3D77A1381BAC987700789333 /* FRUploader.m */; };
		3D77A18A1BAC987700789333 /* NSMutableDictionary+Additions.h in Headers */ = {isa = PBXBuildFile; fileRef = 3D77A13C1BAC987700789333 /* NSMutableDictionary+Additions.h */; };
		3D77A18B1BAC987700789333 /* NSMutableDictionary+Additions.h in Headers */ = {isa = PBXBuildFile; fileRef = 3D77A13C1BAC987700789333 /* NSMutableDictionary+Additions.h */; };
		3D77A18C1BAC987700789333 /* NSMutableDictionary+Additions.m in Sources */ = {isa = PBXBuildFile; fileRef = 3D77A13D1BAC987700789333 /* NSMutableDictionary+Additions.m */; };
		3D77A18D1BAC987700789333 /* NSMutableDictionary+Additions.m in Sources */ = {isa = PBXBuildFile; fileRef = 3D77A13D1BAC987700789333 /* NSMutableDictionary+Additions.m */; };
		3D77A18E1BAC987700789333 /* NSString+Base64.h in Headers */ = {isa = PBXBuildFile; fileRef = 3D77A13E1BAC987700789333 /* NSString+Base64.h */; };
		3D77A18F1BAC987700789333 /* NSString+Base64.h in Headers */ = {isa = PBXBuildFile; fileRef = 3D77A13E1BAC987700789333 /* NSString+Base64.h */; };
		3D77A1901BAC987700789333 /* NSString+Base64.m in Sources */ = {isa = PBXBuildFile; fileRef = 3D77A13F1BAC987700789333 /* NSString+Base64.m */; };
		3D77A1911BAC987700789333 /* NSString+Base64.m in Sources */ = {isa = PBXBuildFile; fileRef = 3D77A13F1BAC987700789333 /* NSString+Base64.m */; };
		3D77A1A91BAC9A5A00789333 /* CommandTestCase.m in Sources */ = {isa = PBXBuildFile; fileRef = 3D77A1A61BAC9A5A00789333 /* CommandTestCase.m */; };
		3D77A1AA1BAC9A5A00789333 /* SystemProfileTestCase.m in Sources */ = {isa = PBXBuildFile; fileRef = 3D77A1A71BAC9A5A00789333 /* SystemProfileTestCase.m */; };
		3D77A1AB1BAC9A5A00789333 /* UploaderTestCase.m in Sources */ = {isa = PBXBuildFile; fileRef = 3D77A1A81BAC9A5A00789333 /* UploaderTestCase.m */; };
		3D77A1B01BAC9A7C00789333 /* SystemProfileTestCase.m in Sources */ = {isa = PBXBuildFile; fileRef = 3D77A1AD1BAC9A7C00789333 /* SystemProfileTestCase.m */; };
		3D77A1B11BAC9A7C00789333 /* UploaderTestCase.m in Sources */ = {isa = PBXBuildFile; fileRef = 3D77A1AE1BAC9A7C00789333 /* UploaderTestCase.m */; };
		3D77A1BA1BAC9ADD00789333 /* AppDelegate.m in Sources */ = {isa = PBXBuildFile; fileRef = 3D77A1B91BAC9ADD00789333 /* AppDelegate.m */; };
		3D77A1BD1BAC9ADD00789333 /* main.m in Sources */ = {isa = PBXBuildFile; fileRef = 3D77A1BC1BAC9ADD00789333 /* main.m */; };
		3D77A1BF1BAC9ADD00789333 /* Assets.xcassets in Resources */ = {isa = PBXBuildFile; fileRef = 3D77A1BE1BAC9ADD00789333 /* Assets.xcassets */; };
		3D77A1C91BAC9CE400789333 /* App.xib in Resources */ = {isa = PBXBuildFile; fileRef = 3D77A1CB1BAC9CE400789333 /* App.xib */; };
		3D77A1D71BAC9D5A00789333 /* main.m in Sources */ = {isa = PBXBuildFile; fileRef = 3D77A1D61BAC9D5A00789333 /* main.m */; };
		3D77A1DA1BAC9D5A00789333 /* FRDocument.m in Sources */ = {isa = PBXBuildFile; fileRef = 3D77A1D91BAC9D5A00789333 /* FRDocument.m */; };
		3D77A1DD1BAC9D5A00789333 /* FRDocument.xib in Resources */ = {isa = PBXBuildFile; fileRef = 3D77A1DB1BAC9D5A00789333 /* FRDocument.xib */; };
		3D77A1DF1BAC9D5A00789333 /* Assets.xcassets in Resources */ = {isa = PBXBuildFile; fileRef = 3D77A1DE1BAC9D5A00789333 /* Assets.xcassets */; };
		3D77A1E21BAC9D5A00789333 /* MainMenu.xib in Resources */ = {isa = PBXBuildFile; fileRef = 3D77A1E01BAC9D5A00789333 /* MainMenu.xib */; };
		3D77A1EE1BAC9F3500789333 /* Credits.rtf in Resources */ = {isa = PBXBuildFile; fileRef = 3D77A1F01BAC9F3500789333 /* Credits.rtf */; };
		3D77A2351BACA4EF00789333 /* FRMacFeedbackWindowController.xib in Resources */ = {isa = PBXBuildFile; fileRef = 3D77A2231BACA4EF00789333 /* FRMacFeedbackWindowController.xib */; };
		3D9AEC381BAD7EF5008074AC /* NSException+Callstack.h in Headers */ = {isa = PBXBuildFile; fileRef = 3D77A13A1BAC987700789333 /* NSException+Callstack.h */; settings = {ASSET_TAGS = (); }; };
		3D9AEC391BAD7EF5008074AC /* NSException+Callstack.h in Headers */ = {isa = PBXBuildFile; fileRef = 3D77A13A1BAC987700789333 /* NSException+Callstack.h */; settings = {ASSET_TAGS = (); }; };
		3D9AEC3A1BAD7EF9008074AC /* NSException+Callstack.m in Sources */ = {isa = PBXBuildFile; fileRef = 3D77A13B1BAC987700789333 /* NSException+Callstack.m */; settings = {ASSET_TAGS = (); }; };
		3D9AEC3B1BAD7EFA008074AC /* NSException+Callstack.m in Sources */ = {isa = PBXBuildFile; fileRef = 3D77A13B1BAC987700789333 /* NSException+Callstack.m */; settings = {ASSET_TAGS = (); }; };
		3D9AEC431BAE00EC008074AC /* FRCrashLogFinder.h in Headers */ = {isa = PBXBuildFile; fileRef = 3D77A1271BAC987700789333 /* FRCrashLogFinder.h */; settings = {ASSET_TAGS = (); }; };
		3D9AEC441BAE00EF008074AC /* FRCrashLogFinder.m in Sources */ = {isa = PBXBuildFile; fileRef = 3D77A1281BAC987700789333 /* FRCrashLogFinder.m */; settings = {ASSET_TAGS = (); }; };
		3D9AEC451BAE016D008074AC /* FRFeedbackController.h in Headers */ = {isa = PBXBuildFile; fileRef = 3D77A12D1BAC987700789333 /* FRFeedbackController.h */; settings = {ASSET_TAGS = (); }; };
		3D9AEC461BAE0171008074AC /* FRFeedbackController.m in Sources */ = {isa = PBXBuildFile; fileRef = 3D77A12E1BAC987700789333 /* FRFeedbackController.m */; settings = {ASSET_TAGS = (); }; };
		3D9AEC471BAE0E61008074AC /* F53FeedbackKit.framework in Frameworks */ = {isa = PBXBuildFile; fileRef = 3D77A0E31BAC979000789333 /* F53FeedbackKit.framework */; };
		3D9AEC481BAE0E66008074AC /* F53FeedbackKit.framework in Frameworks */ = {isa = PBXBuildFile; fileRef = 3D77A0E31BAC979000789333 /* F53FeedbackKit.framework */; };
		3DBACD081BACAA5300FEAFCE /* FRConsoleLog.m in Sources */ = {isa = PBXBuildFile; fileRef = 3D77A1251BAC987700789333 /* FRConsoleLog.m */; };
		3DBACD0B1BACAF0B00FEAFCE /* F53FeedbackKit.pch in Headers */ = {isa = PBXBuildFile; fileRef = 3DBACD0A1BACAF0B00FEAFCE /* F53FeedbackKit.pch */; };
		3DBACD0D1BACAF2D00FEAFCE /* F53FeedbackKit_iOS.pch in Headers */ = {isa = PBXBuildFile; fileRef = 3DBACD0C1BACAF2D00FEAFCE /* F53FeedbackKit_iOS.pch */; };
		3DC3AA131BB0515E001E1765 /* FRConsoleLog.h in Headers */ = {isa = PBXBuildFile; fileRef = 3D77A1241BAC987700789333 /* FRConsoleLog.h */; settings = {ASSET_TAGS = (); }; };
		3DC3AA151BB05163001E1765 /* FRConsoleLog.m in Sources */ = {isa = PBXBuildFile; fileRef = 3D77A1251BAC987700789333 /* FRConsoleLog.m */; settings = {ASSET_TAGS = (); }; };
		3DC3AA161BB05163001E1765 /* FRConsoleLog.m in Sources */ = {isa = PBXBuildFile; fileRef = 3D77A1251BAC987700789333 /* FRConsoleLog.m */; settings = {ASSET_TAGS = (); }; };
		3DC3AA1F1BB06BD4001E1765 /* main.m in Sources */ = {isa = PBXBuildFile; fileRef = 3DC3AA1E1BB06BD4001E1765 /* main.m */; };
		3DC3AA221BB06BD4001E1765 /* AppDelegate.m in Sources */ = {isa = PBXBuildFile; fileRef = 3DC3AA211BB06BD4001E1765 /* AppDelegate.m */; };
		3DC3AA251BB06BD4001E1765 /* TableViewController.m in Sources */ = {isa = PBXBuildFile; fileRef = 3DC3AA241BB06BD4001E1765 /* TableViewController.m */; };
		3DC3AA281BB06BD4001E1765 /* Main.storyboard in Resources */ = {isa = PBXBuildFile; fileRef = 3DC3AA261BB06BD4001E1765 /* Main.storyboard */; };
		3DC3AA2A1BB06BD4001E1765 /* Assets.xcassets in Resources */ = {isa = PBXBuildFile; fileRef = 3DC3AA291BB06BD4001E1765 /* Assets.xcassets */; };
		3DC3AA2D1BB06BD4001E1765 /* LaunchScreen.storyboard in Resources */ = {isa = PBXBuildFile; fileRef = 3DC3AA2B1BB06BD4001E1765 /* LaunchScreen.storyboard */; };
		3DC3AA321BB06DAA001E1765 /* F53FeedbackKit_iOS.framework in Frameworks */ = {isa = PBXBuildFile; fileRef = 3D77A1021BAC97BC00789333 /* F53FeedbackKit_iOS.framework */; };
		3DDBAB391BB1CB210071E076 /* FRFeedbackController.m in Sources */ = {isa = PBXBuildFile; fileRef = 3D77A12E1BAC987700789333 /* FRFeedbackController.m */; settings = {ASSET_TAGS = (); }; };
		3DE27C731BB33C7B007B7D50 /* AddressBook.framework in Frameworks */ = {isa = PBXBuildFile; fileRef = 3DE27C721BB33C7B007B7D50 /* AddressBook.framework */; };
		3DE27C751BB33C82007B7D50 /* AppKit.framework in Frameworks */ = {isa = PBXBuildFile; fileRef = 3DE27C741BB33C82007B7D50 /* AppKit.framework */; };
		3DE27C771BB33C8C007B7D50 /* Foundation.framework in Frameworks */ = {isa = PBXBuildFile; fileRef = 3DE27C761BB33C8C007B7D50 /* Foundation.framework */; };
		3DE27C791BB33C95007B7D50 /* SystemConfiguration.framework in Frameworks */ = {isa = PBXBuildFile; fileRef = 3DE27C781BB33C95007B7D50 /* SystemConfiguration.framework */; };
		3DE27C7B1BB33C9D007B7D50 /* UIKit.framework in Frameworks */ = {isa = PBXBuildFile; fileRef = 3DE27C7A1BB33C9D007B7D50 /* UIKit.framework */; };
		3DE27C7D1BB33CA4007B7D50 /* SystemConfiguration.framework in Frameworks */ = {isa = PBXBuildFile; fileRef = 3DE27C7C1BB33CA4007B7D50 /* SystemConfiguration.framework */; };
		3DE27C7F1BB33CAD007B7D50 /* Foundation.framework in Frameworks */ = {isa = PBXBuildFile; fileRef = 3DE27C7E1BB33CAD007B7D50 /* Foundation.framework */; };
		3DE8CF8B1BAEC985007BD1BB /* FRMacFeedbackWindowController.h in Headers */ = {isa = PBXBuildFile; fileRef = 3DE8CF891BAEC985007BD1BB /* FRMacFeedbackWindowController.h */; settings = {ASSET_TAGS = (); }; };
		3DE8CF8C1BAEC985007BD1BB /* FRMacFeedbackWindowController.m in Sources */ = {isa = PBXBuildFile; fileRef = 3DE8CF8A1BAEC985007BD1BB /* FRMacFeedbackWindowController.m */; settings = {ASSET_TAGS = (); }; };
		3DE8CF8D1BAEDC68007BD1BB /* FRConsoleLog.h in Headers */ = {isa = PBXBuildFile; fileRef = 3D77A1241BAC987700789333 /* FRConsoleLog.h */; settings = {ASSET_TAGS = (); }; };
		3DE8CF8E1BAEEE18007BD1BB /* AppDelegate.m in Sources */ = {isa = PBXBuildFile; fileRef = 3D77A1B91BAC9ADD00789333 /* AppDelegate.m */; settings = {ASSET_TAGS = (); }; };
		3DE8CF8F1BAEEE44007BD1BB /* FRExceptionReportingApplication.m in Sources */ = {isa = PBXBuildFile; fileRef = 3D77A12C1BAC987700789333 /* FRExceptionReportingApplication.m */; settings = {ASSET_TAGS = (); }; };
		3DF048441BB17D560085F6BC /* FRiOSFeedbackTableViewController.xib in Resources */ = {isa = PBXBuildFile; fileRef = 3DF048421BB17D560085F6BC /* FRiOSFeedbackTableViewController.xib */; settings = {ASSET_TAGS = (); }; };
/* End PBXBuildFile section */

/* Begin PBXContainerItemProxy section */
		3D77A0EF1BAC979000789333 /* PBXContainerItemProxy */ = {
			isa = PBXContainerItemProxy;
			containerPortal = 3D77A0DA1BAC979000789333 /* Project object */;
			proxyType = 1;
			remoteGlobalIDString = 3D77A0E21BAC979000789333;
			remoteInfo = F53FeedbackKit;
		};
		3D77A10D1BAC97BC00789333 /* PBXContainerItemProxy */ = {
			isa = PBXContainerItemProxy;
			containerPortal = 3D77A0DA1BAC979000789333 /* Project object */;
			proxyType = 1;
			remoteGlobalIDString = 3D77A1011BAC97BC00789333;
			remoteInfo = F53FeedbackKit_iOS;
		};
/* End PBXContainerItemProxy section */

/* Begin PBXFileReference section */
		3D07BF381BB17E52006BEC2B /* FRiOSFeedbackTableViewController.h */ = {isa = PBXFileReference; fileEncoding = 4; lastKnownFileType = sourcecode.c.h; path = FRiOSFeedbackTableViewController.h; sourceTree = "<group>"; };
		3D07BF391BB17E52006BEC2B /* FRiOSFeedbackTableViewController.m */ = {isa = PBXFileReference; fileEncoding = 4; lastKnownFileType = sourcecode.c.objc; path = FRiOSFeedbackTableViewController.m; sourceTree = "<group>"; };
		3D07BF441BB18CD5006BEC2B /* FRiOSFeedbackTableViewTextViewCell.h */ = {isa = PBXFileReference; fileEncoding = 4; lastKnownFileType = sourcecode.c.h; path = FRiOSFeedbackTableViewTextViewCell.h; sourceTree = "<group>"; };
		3D07BF451BB18CD5006BEC2B /* FRiOSFeedbackTableViewTextViewCell.m */ = {isa = PBXFileReference; fileEncoding = 4; lastKnownFileType = sourcecode.c.objc; path = FRiOSFeedbackTableViewTextViewCell.m; sourceTree = "<group>"; };
		3D07BF4E1BB19681006BEC2B /* FRiOSFeedbackTableViewEmailCell.h */ = {isa = PBXFileReference; fileEncoding = 4; lastKnownFileType = sourcecode.c.h; path = FRiOSFeedbackTableViewEmailCell.h; sourceTree = "<group>"; };
		3D07BF4F1BB19681006BEC2B /* FRiOSFeedbackTableViewEmailCell.m */ = {isa = PBXFileReference; fileEncoding = 4; lastKnownFileType = sourcecode.c.objc; path = FRiOSFeedbackTableViewEmailCell.m; sourceTree = "<group>"; };
		3D07BF531BB19693006BEC2B /* Base */ = {isa = PBXFileReference; lastKnownFileType = file.xib; name = Base; path = Base.lproj/FRiOSFeedbackTableViewEmailCell.xib; sourceTree = "<group>"; };
		3D07BF561BB19697006BEC2B /* Base */ = {isa = PBXFileReference; lastKnownFileType = file.xib; name = Base; path = Base.lproj/FRiOSFeedbackTableViewTextViewCell.xib; sourceTree = "<group>"; };
		3D07BF581BB19F2D006BEC2B /* FRiOSFeedbackTableViewTabPickerCell.h */ = {isa = PBXFileReference; fileEncoding = 4; lastKnownFileType = sourcecode.c.h; path = FRiOSFeedbackTableViewTabPickerCell.h; sourceTree = "<group>"; };
		3D07BF591BB19F2D006BEC2B /* FRiOSFeedbackTableViewTabPickerCell.m */ = {isa = PBXFileReference; fileEncoding = 4; lastKnownFileType = sourcecode.c.objc; path = FRiOSFeedbackTableViewTabPickerCell.m; sourceTree = "<group>"; };
		3D07BF641BB1A008006BEC2B /* Base */ = {isa = PBXFileReference; lastKnownFileType = file.xib; name = Base; path = Base.lproj/FRiOSFeedbackTableViewTabPickerCell.xib; sourceTree = "<group>"; };
		3D07BF6A1BB1C272006BEC2B /* FRiOSFeedbackTableViewCheckmarkCell.h */ = {isa = PBXFileReference; fileEncoding = 4; lastKnownFileType = sourcecode.c.h; path = FRiOSFeedbackTableViewCheckmarkCell.h; sourceTree = "<group>"; };
		3D07BF6B1BB1C272006BEC2B /* FRiOSFeedbackTableViewCheckmarkCell.m */ = {isa = PBXFileReference; fileEncoding = 4; lastKnownFileType = sourcecode.c.objc; path = FRiOSFeedbackTableViewCheckmarkCell.m; sourceTree = "<group>"; };
		3D07BF731BB1C29D006BEC2B /* Base */ = {isa = PBXFileReference; lastKnownFileType = file.xib; name = Base; path = Base.lproj/FRiOSFeedbackTableViewCheckmarkCell.xib; sourceTree = "<group>"; };
		3D69752F1BB30C50005AC2B8 /* Base */ = {isa = PBXFileReference; lastKnownFileType = text.plist.strings; name = Base; path = Base.lproj/FeedbackReporter.strings; sourceTree = "<group>"; };
		3D6975311BB30C8D005AC2B8 /* ar */ = {isa = PBXFileReference; lastKnownFileType = text.plist.strings; name = ar; path = ar.lproj/FeedbackReporter.strings; sourceTree = "<group>"; };
		3D6975321BB30C8E005AC2B8 /* en */ = {isa = PBXFileReference; lastKnownFileType = text.plist.strings; name = en; path = en.lproj/FeedbackReporter.strings; sourceTree = "<group>"; };
		3D6975331BB30C91005AC2B8 /* de */ = {isa = PBXFileReference; lastKnownFileType = text.plist.strings; name = de; path = de.lproj/FeedbackReporter.strings; sourceTree = "<group>"; };
		3D6975341BB30C93005AC2B8 /* es */ = {isa = PBXFileReference; lastKnownFileType = text.plist.strings; name = es; path = es.lproj/FeedbackReporter.strings; sourceTree = "<group>"; };
		3D6975351BB30C95005AC2B8 /* fr */ = {isa = PBXFileReference; lastKnownFileType = text.plist.strings; name = fr; path = fr.lproj/FeedbackReporter.strings; sourceTree = "<group>"; };
		3D6975361BB30C97005AC2B8 /* hy */ = {isa = PBXFileReference; lastKnownFileType = text.plist.strings; name = hy; path = hy.lproj/FeedbackReporter.strings; sourceTree = "<group>"; };
		3D6975371BB30C9F005AC2B8 /* it */ = {isa = PBXFileReference; lastKnownFileType = text.plist.strings; name = it; path = it.lproj/FeedbackReporter.strings; sourceTree = "<group>"; };
		3D6975381BB30CA1005AC2B8 /* ru */ = {isa = PBXFileReference; lastKnownFileType = text.plist.strings; name = ru; path = ru.lproj/FeedbackReporter.strings; sourceTree = "<group>"; };
		3D6975391BB30CA4005AC2B8 /* pt-br */ = {isa = PBXFileReference; lastKnownFileType = text.plist.strings; name = "pt-br"; path = "pt-br.lproj/FeedbackReporter.strings"; sourceTree = "<group>"; };
		3D69753B1BB30D53005AC2B8 /* Base */ = {isa = PBXFileReference; lastKnownFileType = text.plist.strings; name = Base; path = Base.lproj/FeedbackReporter_iOS.strings; sourceTree = "<group>"; };
		3D77A0E31BAC979000789333 /* F53FeedbackKit.framework */ = {isa = PBXFileReference; explicitFileType = wrapper.framework; includeInIndex = 0; path = F53FeedbackKit.framework; sourceTree = BUILT_PRODUCTS_DIR; };
		3D77A0E61BAC979000789333 /* F53FeedbackKit.h */ = {isa = PBXFileReference; lastKnownFileType = sourcecode.c.h; path = F53FeedbackKit.h; sourceTree = "<group>"; };
		3D77A0E81BAC979000789333 /* Info.plist */ = {isa = PBXFileReference; lastKnownFileType = text.plist.xml; path = Info.plist; sourceTree = "<group>"; };
		3D77A0ED1BAC979000789333 /* F53FeedbackKitTests.xctest */ = {isa = PBXFileReference; explicitFileType = wrapper.cfbundle; includeInIndex = 0; path = F53FeedbackKitTests.xctest; sourceTree = BUILT_PRODUCTS_DIR; };
		3D77A0F41BAC979000789333 /* Info.plist */ = {isa = PBXFileReference; lastKnownFileType = text.plist.xml; path = Info.plist; sourceTree = "<group>"; };
		3D77A1021BAC97BC00789333 /* F53FeedbackKit_iOS.framework */ = {isa = PBXFileReference; explicitFileType = wrapper.framework; includeInIndex = 0; path = F53FeedbackKit_iOS.framework; sourceTree = BUILT_PRODUCTS_DIR; };
		3D77A1041BAC97BC00789333 /* F53FeedbackKit_iOS.h */ = {isa = PBXFileReference; lastKnownFileType = sourcecode.c.h; path = F53FeedbackKit_iOS.h; sourceTree = "<group>"; };
		3D77A1061BAC97BC00789333 /* Info.plist */ = {isa = PBXFileReference; lastKnownFileType = text.plist.xml; path = Info.plist; sourceTree = "<group>"; };
		3D77A10B1BAC97BC00789333 /* F53FeedbackKit_iOSTests.xctest */ = {isa = PBXFileReference; explicitFileType = wrapper.cfbundle; includeInIndex = 0; path = F53FeedbackKit_iOSTests.xctest; sourceTree = BUILT_PRODUCTS_DIR; };
		3D77A1121BAC97BC00789333 /* Info.plist */ = {isa = PBXFileReference; lastKnownFileType = text.plist.xml; path = Info.plist; sourceTree = "<group>"; };
		3D77A1201BAC987700789333 /* FRApplication.h */ = {isa = PBXFileReference; fileEncoding = 4; lastKnownFileType = sourcecode.c.h; path = FRApplication.h; sourceTree = "<group>"; };
		3D77A1211BAC987700789333 /* FRApplication.m */ = {isa = PBXFileReference; fileEncoding = 4; lastKnownFileType = sourcecode.c.objc; path = FRApplication.m; sourceTree = "<group>"; };
		3D77A1221BAC987700789333 /* FRCommand.h */ = {isa = PBXFileReference; fileEncoding = 4; lastKnownFileType = sourcecode.c.h; path = FRCommand.h; sourceTree = "<group>"; };
		3D77A1231BAC987700789333 /* FRCommand.m */ = {isa = PBXFileReference; fileEncoding = 4; lastKnownFileType = sourcecode.c.objc; path = FRCommand.m; sourceTree = "<group>"; };
		3D77A1241BAC987700789333 /* FRConsoleLog.h */ = {isa = PBXFileReference; fileEncoding = 4; lastKnownFileType = sourcecode.c.h; path = FRConsoleLog.h; sourceTree = "<group>"; };
		3D77A1251BAC987700789333 /* FRConsoleLog.m */ = {isa = PBXFileReference; fileEncoding = 4; lastKnownFileType = sourcecode.c.objc; path = FRConsoleLog.m; sourceTree = "<group>"; };
		3D77A1261BAC987700789333 /* FRConstants.h */ = {isa = PBXFileReference; fileEncoding = 4; lastKnownFileType = sourcecode.c.h; path = FRConstants.h; sourceTree = "<group>"; };
		3D77A1271BAC987700789333 /* FRCrashLogFinder.h */ = {isa = PBXFileReference; fileEncoding = 4; lastKnownFileType = sourcecode.c.h; path = FRCrashLogFinder.h; sourceTree = "<group>"; };
		3D77A1281BAC987700789333 /* FRCrashLogFinder.m */ = {isa = PBXFileReference; fileEncoding = 4; lastKnownFileType = sourcecode.c.objc; path = FRCrashLogFinder.m; sourceTree = "<group>"; };
		3D77A1291BAC987700789333 /* FRDocumentList.h */ = {isa = PBXFileReference; fileEncoding = 4; lastKnownFileType = sourcecode.c.h; path = FRDocumentList.h; sourceTree = "<group>"; };
		3D77A12A1BAC987700789333 /* FRDocumentList.m */ = {isa = PBXFileReference; fileEncoding = 4; lastKnownFileType = sourcecode.c.objc; path = FRDocumentList.m; sourceTree = "<group>"; };
		3D77A12B1BAC987700789333 /* FRExceptionReportingApplication.h */ = {isa = PBXFileReference; fileEncoding = 4; lastKnownFileType = sourcecode.c.h; name = FRExceptionReportingApplication.h; path = ../Sources/Main/FRExceptionReportingApplication.h; sourceTree = "<group>"; };
		3D77A12C1BAC987700789333 /* FRExceptionReportingApplication.m */ = {isa = PBXFileReference; fileEncoding = 4; lastKnownFileType = sourcecode.c.objc; name = FRExceptionReportingApplication.m; path = ../Sources/Main/FRExceptionReportingApplication.m; sourceTree = "<group>"; };
		3D77A12D1BAC987700789333 /* FRFeedbackController.h */ = {isa = PBXFileReference; fileEncoding = 4; lastKnownFileType = sourcecode.c.h; path = FRFeedbackController.h; sourceTree = "<group>"; };
		3D77A12E1BAC987700789333 /* FRFeedbackController.m */ = {isa = PBXFileReference; fileEncoding = 4; lastKnownFileType = sourcecode.c.objc; path = FRFeedbackController.m; sourceTree = "<group>"; };
		3D77A1311BAC987700789333 /* FRFeedbackReporter.h */ = {isa = PBXFileReference; fileEncoding = 4; lastKnownFileType = sourcecode.c.h; path = FRFeedbackReporter.h; sourceTree = "<group>"; };
		3D77A1321BAC987700789333 /* FRFeedbackReporter.m */ = {isa = PBXFileReference; fileEncoding = 4; lastKnownFileType = sourcecode.c.objc; path = FRFeedbackReporter.m; sourceTree = "<group>"; };
		3D77A1331BAC987700789333 /* FRProgressWindow.h */ = {isa = PBXFileReference; fileEncoding = 4; lastKnownFileType = sourcecode.c.h; path = FRProgressWindow.h; sourceTree = "<group>"; };
		3D77A1341BAC987700789333 /* FRProgressWindow.m */ = {isa = PBXFileReference; fileEncoding = 4; lastKnownFileType = sourcecode.c.objc; path = FRProgressWindow.m; sourceTree = "<group>"; };
		3D77A1351BAC987700789333 /* FRSystemProfile.h */ = {isa = PBXFileReference; fileEncoding = 4; lastKnownFileType = sourcecode.c.h; path = FRSystemProfile.h; sourceTree = "<group>"; };
		3D77A1361BAC987700789333 /* FRSystemProfile.m */ = {isa = PBXFileReference; fileEncoding = 4; lastKnownFileType = sourcecode.c.objc; path = FRSystemProfile.m; sourceTree = "<group>"; };
		3D77A1371BAC987700789333 /* FRUploader.h */ = {isa = PBXFileReference; fileEncoding = 4; lastKnownFileType = sourcecode.c.h; path = FRUploader.h; sourceTree = "<group>"; };
		3D77A1381BAC987700789333 /* FRUploader.m */ = {isa = PBXFileReference; fileEncoding = 4; lastKnownFileType = sourcecode.c.objc; path = FRUploader.m; sourceTree = "<group>"; };
		3D77A13A1BAC987700789333 /* NSException+Callstack.h */ = {isa = PBXFileReference; fileEncoding = 4; lastKnownFileType = sourcecode.c.h; path = "NSException+Callstack.h"; sourceTree = "<group>"; };
		3D77A13B1BAC987700789333 /* NSException+Callstack.m */ = {isa = PBXFileReference; fileEncoding = 4; lastKnownFileType = sourcecode.c.objc; path = "NSException+Callstack.m"; sourceTree = "<group>"; };
		3D77A13C1BAC987700789333 /* NSMutableDictionary+Additions.h */ = {isa = PBXFileReference; fileEncoding = 4; lastKnownFileType = sourcecode.c.h; path = "NSMutableDictionary+Additions.h"; sourceTree = "<group>"; };
		3D77A13D1BAC987700789333 /* NSMutableDictionary+Additions.m */ = {isa = PBXFileReference; fileEncoding = 4; lastKnownFileType = sourcecode.c.objc; path = "NSMutableDictionary+Additions.m"; sourceTree = "<group>"; };
		3D77A13E1BAC987700789333 /* NSString+Base64.h */ = {isa = PBXFileReference; fileEncoding = 4; lastKnownFileType = sourcecode.c.h; path = "NSString+Base64.h"; sourceTree = "<group>"; };
		3D77A13F1BAC987700789333 /* NSString+Base64.m */ = {isa = PBXFileReference; fileEncoding = 4; lastKnownFileType = sourcecode.c.objc; path = "NSString+Base64.m"; sourceTree = "<group>"; };
		3D77A1A61BAC9A5A00789333 /* CommandTestCase.m */ = {isa = PBXFileReference; fileEncoding = 4; lastKnownFileType = sourcecode.c.objc; path = CommandTestCase.m; sourceTree = "<group>"; };
		3D77A1A71BAC9A5A00789333 /* SystemProfileTestCase.m */ = {isa = PBXFileReference; fileEncoding = 4; lastKnownFileType = sourcecode.c.objc; path = SystemProfileTestCase.m; sourceTree = "<group>"; };
		3D77A1A81BAC9A5A00789333 /* UploaderTestCase.m */ = {isa = PBXFileReference; fileEncoding = 4; lastKnownFileType = sourcecode.c.objc; path = UploaderTestCase.m; sourceTree = "<group>"; };
		3D77A1AD1BAC9A7C00789333 /* SystemProfileTestCase.m */ = {isa = PBXFileReference; fileEncoding = 4; lastKnownFileType = sourcecode.c.objc; path = SystemProfileTestCase.m; sourceTree = "<group>"; };
		3D77A1AE1BAC9A7C00789333 /* UploaderTestCase.m */ = {isa = PBXFileReference; fileEncoding = 4; lastKnownFileType = sourcecode.c.objc; path = UploaderTestCase.m; sourceTree = "<group>"; };
		3D77A1B61BAC9ADD00789333 /* App.app */ = {isa = PBXFileReference; explicitFileType = wrapper.application; includeInIndex = 0; path = App.app; sourceTree = BUILT_PRODUCTS_DIR; };
		3D77A1B81BAC9ADD00789333 /* AppDelegate.h */ = {isa = PBXFileReference; lastKnownFileType = sourcecode.c.h; path = AppDelegate.h; sourceTree = "<group>"; };
		3D77A1B91BAC9ADD00789333 /* AppDelegate.m */ = {isa = PBXFileReference; lastKnownFileType = sourcecode.c.objc; path = AppDelegate.m; sourceTree = "<group>"; };
		3D77A1BC1BAC9ADD00789333 /* main.m */ = {isa = PBXFileReference; lastKnownFileType = sourcecode.c.objc; path = main.m; sourceTree = "<group>"; };
		3D77A1BE1BAC9ADD00789333 /* Assets.xcassets */ = {isa = PBXFileReference; lastKnownFileType = folder.assetcatalog; path = Assets.xcassets; sourceTree = "<group>"; };
		3D77A1C31BAC9ADD00789333 /* Info.plist */ = {isa = PBXFileReference; lastKnownFileType = text.plist.xml; path = Info.plist; sourceTree = "<group>"; };
		3D77A1CA1BAC9CE400789333 /* Base */ = {isa = PBXFileReference; lastKnownFileType = file.xib; name = Base; path = Base.lproj/App.xib; sourceTree = "<group>"; };
		3D77A1D01BAC9D5A00789333 /* Document App.app */ = {isa = PBXFileReference; explicitFileType = wrapper.application; includeInIndex = 0; path = "Document App.app"; sourceTree = BUILT_PRODUCTS_DIR; };
		3D77A1D61BAC9D5A00789333 /* main.m */ = {isa = PBXFileReference; lastKnownFileType = sourcecode.c.objc; path = main.m; sourceTree = "<group>"; };
		3D77A1D81BAC9D5A00789333 /* FRDocument.h */ = {isa = PBXFileReference; lastKnownFileType = sourcecode.c.h; path = FRDocument.h; sourceTree = "<group>"; };
		3D77A1D91BAC9D5A00789333 /* FRDocument.m */ = {isa = PBXFileReference; lastKnownFileType = sourcecode.c.objc; path = FRDocument.m; sourceTree = "<group>"; };
		3D77A1DC1BAC9D5A00789333 /* Base */ = {isa = PBXFileReference; lastKnownFileType = file.xib; name = Base; path = Base.lproj/FRDocument.xib; sourceTree = "<group>"; };
		3D77A1DE1BAC9D5A00789333 /* Assets.xcassets */ = {isa = PBXFileReference; lastKnownFileType = folder.assetcatalog; path = Assets.xcassets; sourceTree = "<group>"; };
		3D77A1E11BAC9D5A00789333 /* Base */ = {isa = PBXFileReference; lastKnownFileType = file.xib; name = Base; path = Base.lproj/MainMenu.xib; sourceTree = "<group>"; };
		3D77A1EC1BAC9F0500789333 /* Document App-Prefix.pch */ = {isa = PBXFileReference; fileEncoding = 4; lastKnownFileType = sourcecode.c.h; path = "Document App-Prefix.pch"; sourceTree = "<group>"; };
		3D77A1EF1BAC9F3500789333 /* Base */ = {isa = PBXFileReference; lastKnownFileType = text.rtf; name = Base; path = Base.lproj/Credits.rtf; sourceTree = "<group>"; };
		3D77A1F41BAC9FA500789333 /* Info.plist */ = {isa = PBXFileReference; fileEncoding = 4; lastKnownFileType = text.plist.xml; path = Info.plist; sourceTree = "<group>"; };
		3D77A2371BACA50F00789333 /* Base */ = {isa = PBXFileReference; lastKnownFileType = file.xib; name = Base; path = Base.lproj/FRMacFeedbackWindowController.xib; sourceTree = "<group>"; };
		3DBACD0A1BACAF0B00FEAFCE /* F53FeedbackKit.pch */ = {isa = PBXFileReference; fileEncoding = 4; lastKnownFileType = sourcecode.c.h; name = F53FeedbackKit.pch; path = F53FeedbackKit/F53FeedbackKit.pch; sourceTree = SOURCE_ROOT; };
		3DBACD0C1BACAF2D00FEAFCE /* F53FeedbackKit_iOS.pch */ = {isa = PBXFileReference; fileEncoding = 4; lastKnownFileType = sourcecode.c.h; path = F53FeedbackKit_iOS.pch; sourceTree = "<group>"; };
		3DC3AA1B1BB06BD4001E1765 /* iOSApp.app */ = {isa = PBXFileReference; explicitFileType = wrapper.application; includeInIndex = 0; path = iOSApp.app; sourceTree = BUILT_PRODUCTS_DIR; };
		3DC3AA1E1BB06BD4001E1765 /* main.m */ = {isa = PBXFileReference; lastKnownFileType = sourcecode.c.objc; path = main.m; sourceTree = "<group>"; };
		3DC3AA201BB06BD4001E1765 /* AppDelegate.h */ = {isa = PBXFileReference; lastKnownFileType = sourcecode.c.h; path = AppDelegate.h; sourceTree = "<group>"; };
		3DC3AA211BB06BD4001E1765 /* AppDelegate.m */ = {isa = PBXFileReference; lastKnownFileType = sourcecode.c.objc; path = AppDelegate.m; sourceTree = "<group>"; };
		3DC3AA231BB06BD4001E1765 /* TableViewController.h */ = {isa = PBXFileReference; lastKnownFileType = sourcecode.c.h; path = TableViewController.h; sourceTree = "<group>"; };
		3DC3AA241BB06BD4001E1765 /* TableViewController.m */ = {isa = PBXFileReference; lastKnownFileType = sourcecode.c.objc; path = TableViewController.m; sourceTree = "<group>"; };
		3DC3AA271BB06BD4001E1765 /* Base */ = {isa = PBXFileReference; lastKnownFileType = file.storyboard; name = Base; path = Base.lproj/Main.storyboard; sourceTree = "<group>"; };
		3DC3AA291BB06BD4001E1765 /* Assets.xcassets */ = {isa = PBXFileReference; lastKnownFileType = folder.assetcatalog; path = Assets.xcassets; sourceTree = "<group>"; };
		3DC3AA2C1BB06BD4001E1765 /* Base */ = {isa = PBXFileReference; lastKnownFileType = file.storyboard; name = Base; path = Base.lproj/LaunchScreen.storyboard; sourceTree = "<group>"; };
		3DC3AA2E1BB06BD4001E1765 /* Info.plist */ = {isa = PBXFileReference; lastKnownFileType = text.plist.xml; path = Info.plist; sourceTree = "<group>"; };
		3DE27C721BB33C7B007B7D50 /* AddressBook.framework */ = {isa = PBXFileReference; lastKnownFileType = wrapper.framework; name = AddressBook.framework; path = System/Library/Frameworks/AddressBook.framework; sourceTree = SDKROOT; };
		3DE27C741BB33C82007B7D50 /* AppKit.framework */ = {isa = PBXFileReference; lastKnownFileType = wrapper.framework; name = AppKit.framework; path = System/Library/Frameworks/AppKit.framework; sourceTree = SDKROOT; };
		3DE27C761BB33C8C007B7D50 /* Foundation.framework */ = {isa = PBXFileReference; lastKnownFileType = wrapper.framework; name = Foundation.framework; path = System/Library/Frameworks/Foundation.framework; sourceTree = SDKROOT; };
		3DE27C781BB33C95007B7D50 /* SystemConfiguration.framework */ = {isa = PBXFileReference; lastKnownFileType = wrapper.framework; name = SystemConfiguration.framework; path = System/Library/Frameworks/SystemConfiguration.framework; sourceTree = SDKROOT; };
		3DE27C7A1BB33C9D007B7D50 /* UIKit.framework */ = {isa = PBXFileReference; lastKnownFileType = wrapper.framework; name = UIKit.framework; path = Platforms/iPhoneOS.platform/Developer/SDKs/iPhoneOS9.0.sdk/System/Library/Frameworks/UIKit.framework; sourceTree = DEVELOPER_DIR; };
		3DE27C7C1BB33CA4007B7D50 /* SystemConfiguration.framework */ = {isa = PBXFileReference; lastKnownFileType = wrapper.framework; name = SystemConfiguration.framework; path = Platforms/iPhoneOS.platform/Developer/SDKs/iPhoneOS9.0.sdk/System/Library/Frameworks/SystemConfiguration.framework; sourceTree = DEVELOPER_DIR; };
		3DE27C7E1BB33CAD007B7D50 /* Foundation.framework */ = {isa = PBXFileReference; lastKnownFileType = wrapper.framework; name = Foundation.framework; path = Platforms/iPhoneOS.platform/Developer/SDKs/iPhoneOS9.0.sdk/System/Library/Frameworks/Foundation.framework; sourceTree = DEVELOPER_DIR; };
		3DE8CF891BAEC985007BD1BB /* FRMacFeedbackWindowController.h */ = {isa = PBXFileReference; fileEncoding = 4; lastKnownFileType = sourcecode.c.h; path = FRMacFeedbackWindowController.h; sourceTree = "<group>"; };
		3DE8CF8A1BAEC985007BD1BB /* FRMacFeedbackWindowController.m */ = {isa = PBXFileReference; fileEncoding = 4; lastKnownFileType = sourcecode.c.objc; path = FRMacFeedbackWindowController.m; sourceTree = "<group>"; };
		3DF048431BB17D560085F6BC /* Base */ = {isa = PBXFileReference; lastKnownFileType = file.xib; name = Base; path = Base.lproj/FRiOSFeedbackTableViewController.xib; sourceTree = "<group>"; };
/* End PBXFileReference section */

/* Begin PBXFrameworksBuildPhase section */
		3D77A0DF1BAC979000789333 /* Frameworks */ = {
			isa = PBXFrameworksBuildPhase;
			buildActionMask = 2147483647;
			files = (
				3DE27C791BB33C95007B7D50 /* SystemConfiguration.framework in Frameworks */,
				3DE27C771BB33C8C007B7D50 /* Foundation.framework in Frameworks */,
				3DE27C751BB33C82007B7D50 /* AppKit.framework in Frameworks */,
				3DE27C731BB33C7B007B7D50 /* AddressBook.framework in Frameworks */,
			);
			runOnlyForDeploymentPostprocessing = 0;
		};
		3D77A0EA1BAC979000789333 /* Frameworks */ = {
			isa = PBXFrameworksBuildPhase;
			buildActionMask = 2147483647;
			files = (
				3D77A0EE1BAC979000789333 /* F53FeedbackKit.framework in Frameworks */,
			);
			runOnlyForDeploymentPostprocessing = 0;
		};
		3D77A0FE1BAC97BC00789333 /* Frameworks */ = {
			isa = PBXFrameworksBuildPhase;
			buildActionMask = 2147483647;
			files = (
				3DE27C7F1BB33CAD007B7D50 /* Foundation.framework in Frameworks */,
				3DE27C7D1BB33CA4007B7D50 /* SystemConfiguration.framework in Frameworks */,
				3DE27C7B1BB33C9D007B7D50 /* UIKit.framework in Frameworks */,
			);
			runOnlyForDeploymentPostprocessing = 0;
		};
		3D77A1081BAC97BC00789333 /* Frameworks */ = {
			isa = PBXFrameworksBuildPhase;
			buildActionMask = 2147483647;
			files = (
				3D77A10C1BAC97BC00789333 /* F53FeedbackKit_iOS.framework in Frameworks */,
			);
			runOnlyForDeploymentPostprocessing = 0;
		};
		3D77A1B31BAC9ADD00789333 /* Frameworks */ = {
			isa = PBXFrameworksBuildPhase;
			buildActionMask = 2147483647;
			files = (
				3D9AEC471BAE0E61008074AC /* F53FeedbackKit.framework in Frameworks */,
			);
			runOnlyForDeploymentPostprocessing = 0;
		};
		3D77A1CD1BAC9D5A00789333 /* Frameworks */ = {
			isa = PBXFrameworksBuildPhase;
			buildActionMask = 2147483647;
			files = (
				3D9AEC481BAE0E66008074AC /* F53FeedbackKit.framework in Frameworks */,
			);
			runOnlyForDeploymentPostprocessing = 0;
		};
		3DC3AA181BB06BD4001E1765 /* Frameworks */ = {
			isa = PBXFrameworksBuildPhase;
			buildActionMask = 2147483647;
			files = (
				3DC3AA321BB06DAA001E1765 /* F53FeedbackKit_iOS.framework in Frameworks */,
			);
			runOnlyForDeploymentPostprocessing = 0;
		};
/* End PBXFrameworksBuildPhase section */

/* Begin PBXGroup section */
		3D1711311BACC1310094EF89 /* Exported */ = {
			isa = PBXGroup;
			children = (
			);
			name = Exported;
			sourceTree = "<group>";
		};
		3D77A0D91BAC979000789333 = {
			isa = PBXGroup;
			children = (
				3DE27C7E1BB33CAD007B7D50 /* Foundation.framework */,
				3DE27C7C1BB33CA4007B7D50 /* SystemConfiguration.framework */,
				3DE27C7A1BB33C9D007B7D50 /* UIKit.framework */,
				3DE27C781BB33C95007B7D50 /* SystemConfiguration.framework */,
				3DE27C761BB33C8C007B7D50 /* Foundation.framework */,
				3DE27C741BB33C82007B7D50 /* AppKit.framework */,
				3DE27C721BB33C7B007B7D50 /* AddressBook.framework */,
				3D77A11E1BAC987700789333 /* Main */,
				3D77A2201BACA4EF00789333 /* Resources */,
				3D77A1B71BAC9ADD00789333 /* App */,
				3D77A1D11BAC9D5A00789333 /* Document App */,
				3DC3AA1C1BB06BD4001E1765 /* iOSApp */,
				3D77A0E51BAC979000789333 /* F53FeedbackKit */,
				3D77A0F11BAC979000789333 /* F53FeedbackKitTests */,
				3D77A1031BAC97BC00789333 /* F53FeedbackKit_iOS */,
				3D77A10F1BAC97BC00789333 /* F53FeedbackKit_iOSTests */,
				3D77A0E41BAC979000789333 /* Products */,
			);
			sourceTree = "<group>";
		};
		3D77A0E41BAC979000789333 /* Products */ = {
			isa = PBXGroup;
			children = (
				3D77A0E31BAC979000789333 /* F53FeedbackKit.framework */,
				3D77A0ED1BAC979000789333 /* F53FeedbackKitTests.xctest */,
				3D77A1021BAC97BC00789333 /* F53FeedbackKit_iOS.framework */,
				3D77A10B1BAC97BC00789333 /* F53FeedbackKit_iOSTests.xctest */,
				3D77A1B61BAC9ADD00789333 /* App.app */,
				3D77A1D01BAC9D5A00789333 /* Document App.app */,
				3DC3AA1B1BB06BD4001E1765 /* iOSApp.app */,
			);
			name = Products;
			sourceTree = "<group>";
		};
		3D77A0E51BAC979000789333 /* F53FeedbackKit */ = {
			isa = PBXGroup;
			children = (
				3D77A0E61BAC979000789333 /* F53FeedbackKit.h */,
				3DBACD0A1BACAF0B00FEAFCE /* F53FeedbackKit.pch */,
				3D77A0E81BAC979000789333 /* Info.plist */,
			);
			path = F53FeedbackKit;
			sourceTree = "<group>";
		};
		3D77A0F11BAC979000789333 /* F53FeedbackKitTests */ = {
			isa = PBXGroup;
			children = (
				3D77A1A61BAC9A5A00789333 /* CommandTestCase.m */,
				3D77A1A71BAC9A5A00789333 /* SystemProfileTestCase.m */,
				3D77A1A81BAC9A5A00789333 /* UploaderTestCase.m */,
				3D77A0F41BAC979000789333 /* Info.plist */,
			);
			path = F53FeedbackKitTests;
			sourceTree = "<group>";
		};
		3D77A1031BAC97BC00789333 /* F53FeedbackKit_iOS */ = {
			isa = PBXGroup;
			children = (
				3D77A1041BAC97BC00789333 /* F53FeedbackKit_iOS.h */,
				3DBACD0C1BACAF2D00FEAFCE /* F53FeedbackKit_iOS.pch */,
				3D77A1061BAC97BC00789333 /* Info.plist */,
			);
			path = F53FeedbackKit_iOS;
			sourceTree = "<group>";
		};
		3D77A10F1BAC97BC00789333 /* F53FeedbackKit_iOSTests */ = {
			isa = PBXGroup;
			children = (
				3D77A1AD1BAC9A7C00789333 /* SystemProfileTestCase.m */,
				3D77A1AE1BAC9A7C00789333 /* UploaderTestCase.m */,
				3D77A1121BAC97BC00789333 /* Info.plist */,
			);
			path = F53FeedbackKit_iOSTests;
			sourceTree = "<group>";
		};
		3D77A11E1BAC987700789333 /* Main */ = {
			isa = PBXGroup;
			children = (
				3DBACD071BACA9D100FEAFCE /* Exported */,
				3DBACD061BACA81100FEAFCE /* Additions */,
				3D77A1201BAC987700789333 /* FRApplication.h */,
				3D77A1211BAC987700789333 /* FRApplication.m */,
				3D77A1241BAC987700789333 /* FRConsoleLog.h */,
				3D77A1251BAC987700789333 /* FRConsoleLog.m */,
				3D77A1271BAC987700789333 /* FRCrashLogFinder.h */,
				3D77A1281BAC987700789333 /* FRCrashLogFinder.m */,
				3D77A1351BAC987700789333 /* FRSystemProfile.h */,
				3D77A1361BAC987700789333 /* FRSystemProfile.m */,
				3D77A12D1BAC987700789333 /* FRFeedbackController.h */,
				3D77A12E1BAC987700789333 /* FRFeedbackController.m */,
				3D77A1371BAC987700789333 /* FRUploader.h */,
				3D77A1381BAC987700789333 /* FRUploader.m */,
				3D77A1261BAC987700789333 /* FRConstants.h */,
				3D9AEC3C1BAD8533008074AC /* Mac */,
				3DF0482E1BB08A760085F6BC /* iOS */,
			);
			name = Main;
			path = Sources/Main;
			sourceTree = "<group>";
		};
		3D77A1B71BAC9ADD00789333 /* App */ = {
			isa = PBXGroup;
			children = (
				3D77A1B81BAC9ADD00789333 /* AppDelegate.h */,
				3D77A1B91BAC9ADD00789333 /* AppDelegate.m */,
				3D77A12B1BAC987700789333 /* FRExceptionReportingApplication.h */,
				3D77A12C1BAC987700789333 /* FRExceptionReportingApplication.m */,
				3D77A1CB1BAC9CE400789333 /* App.xib */,
				3D77A1C31BAC9ADD00789333 /* Info.plist */,
				3D1711311BACC1310094EF89 /* Exported */,
				3D77A1BB1BAC9ADD00789333 /* Supporting Files */,
			);
			path = App;
			sourceTree = "<group>";
		};
		3D77A1BB1BAC9ADD00789333 /* Supporting Files */ = {
			isa = PBXGroup;
			children = (
				3D77A1BE1BAC9ADD00789333 /* Assets.xcassets */,
				3D77A1BC1BAC9ADD00789333 /* main.m */,
			);
			name = "Supporting Files";
			sourceTree = "<group>";
		};
		3D77A1D11BAC9D5A00789333 /* Document App */ = {
			isa = PBXGroup;
			children = (
				3D77A1D81BAC9D5A00789333 /* FRDocument.h */,
				3D77A1D91BAC9D5A00789333 /* FRDocument.m */,
				3D77A1DB1BAC9D5A00789333 /* FRDocument.xib */,
				3D77A1E01BAC9D5A00789333 /* MainMenu.xib */,
				3D77A1F41BAC9FA500789333 /* Info.plist */,
				3D77A1D51BAC9D5A00789333 /* Supporting Files */,
			);
			path = "Document App";
			sourceTree = "<group>";
		};
		3D77A1D51BAC9D5A00789333 /* Supporting Files */ = {
			isa = PBXGroup;
			children = (
				3D77A1DE1BAC9D5A00789333 /* Assets.xcassets */,
				3D77A1D61BAC9D5A00789333 /* main.m */,
				3D77A1EC1BAC9F0500789333 /* Document App-Prefix.pch */,
				3D77A1F01BAC9F3500789333 /* Credits.rtf */,
			);
			name = "Supporting Files";
			sourceTree = "<group>";
		};
		3D77A2201BACA4EF00789333 /* Resources */ = {
			isa = PBXGroup;
			children = (
				3D6975301BB30C50005AC2B8 /* FeedbackReporter.strings */,
				3D69753A1BB30D53005AC2B8 /* FeedbackReporter_iOS.strings */,
				3D77A2231BACA4EF00789333 /* FRMacFeedbackWindowController.xib */,
				3DF048421BB17D560085F6BC /* FRiOSFeedbackTableViewController.xib */,
				3D07BF741BB1C29D006BEC2B /* FRiOSFeedbackTableViewCheckmarkCell.xib */,
				3D07BF541BB19693006BEC2B /* FRiOSFeedbackTableViewEmailCell.xib */,
				3D07BF651BB1A008006BEC2B /* FRiOSFeedbackTableViewTabPickerCell.xib */,
				3D07BF571BB19697006BEC2B /* FRiOSFeedbackTableViewTextViewCell.xib */,
			);
			name = Resources;
			path = Sources/Resources;
			sourceTree = "<group>";
		};
		3D9AEC3C1BAD8533008074AC /* Mac */ = {
			isa = PBXGroup;
			children = (
				3DE8CF891BAEC985007BD1BB /* FRMacFeedbackWindowController.h */,
				3DE8CF8A1BAEC985007BD1BB /* FRMacFeedbackWindowController.m */,
				3D77A1221BAC987700789333 /* FRCommand.h */,
				3D77A1231BAC987700789333 /* FRCommand.m */,
				3D77A1291BAC987700789333 /* FRDocumentList.h */,
				3D77A12A1BAC987700789333 /* FRDocumentList.m */,
				3D77A1331BAC987700789333 /* FRProgressWindow.h */,
				3D77A1341BAC987700789333 /* FRProgressWindow.m */,
			);
			name = Mac;
			sourceTree = "<group>";
		};
		3DBACD061BACA81100FEAFCE /* Additions */ = {
			isa = PBXGroup;
			children = (
				3D77A13A1BAC987700789333 /* NSException+Callstack.h */,
				3D77A13B1BAC987700789333 /* NSException+Callstack.m */,
				3D77A13C1BAC987700789333 /* NSMutableDictionary+Additions.h */,
				3D77A13D1BAC987700789333 /* NSMutableDictionary+Additions.m */,
				3D77A13E1BAC987700789333 /* NSString+Base64.h */,
				3D77A13F1BAC987700789333 /* NSString+Base64.m */,
			);
			name = Additions;
			sourceTree = "<group>";
		};
		3DBACD071BACA9D100FEAFCE /* Exported */ = {
			isa = PBXGroup;
			children = (
				3D77A1311BAC987700789333 /* FRFeedbackReporter.h */,
				3D77A1321BAC987700789333 /* FRFeedbackReporter.m */,
			);
			name = Exported;
			sourceTree = "<group>";
		};
		3DC3AA1C1BB06BD4001E1765 /* iOSApp */ = {
			isa = PBXGroup;
			children = (
				3DC3AA201BB06BD4001E1765 /* AppDelegate.h */,
				3DC3AA211BB06BD4001E1765 /* AppDelegate.m */,
				3DC3AA231BB06BD4001E1765 /* TableViewController.h */,
				3DC3AA241BB06BD4001E1765 /* TableViewController.m */,
				3DC3AA261BB06BD4001E1765 /* Main.storyboard */,
				3DC3AA2B1BB06BD4001E1765 /* LaunchScreen.storyboard */,
				3DC3AA2E1BB06BD4001E1765 /* Info.plist */,
				3DC3AA1D1BB06BD4001E1765 /* Supporting Files */,
			);
			path = iOSApp;
			sourceTree = "<group>";
		};
		3DC3AA1D1BB06BD4001E1765 /* Supporting Files */ = {
			isa = PBXGroup;
			children = (
				3DC3AA291BB06BD4001E1765 /* Assets.xcassets */,
				3DC3AA1E1BB06BD4001E1765 /* main.m */,
			);
			name = "Supporting Files";
			sourceTree = "<group>";
		};
		3DF0482E1BB08A760085F6BC /* iOS */ = {
			isa = PBXGroup;
			children = (
				3D07BF381BB17E52006BEC2B /* FRiOSFeedbackTableViewController.h */,
				3D07BF391BB17E52006BEC2B /* FRiOSFeedbackTableViewController.m */,
				3D07BF6A1BB1C272006BEC2B /* FRiOSFeedbackTableViewCheckmarkCell.h */,
				3D07BF6B1BB1C272006BEC2B /* FRiOSFeedbackTableViewCheckmarkCell.m */,
				3D07BF4E1BB19681006BEC2B /* FRiOSFeedbackTableViewEmailCell.h */,
				3D07BF4F1BB19681006BEC2B /* FRiOSFeedbackTableViewEmailCell.m */,
				3D07BF581BB19F2D006BEC2B /* FRiOSFeedbackTableViewTabPickerCell.h */,
				3D07BF591BB19F2D006BEC2B /* FRiOSFeedbackTableViewTabPickerCell.m */,
				3D07BF441BB18CD5006BEC2B /* FRiOSFeedbackTableViewTextViewCell.h */,
				3D07BF451BB18CD5006BEC2B /* FRiOSFeedbackTableViewTextViewCell.m */,
			);
			name = iOS;
			sourceTree = "<group>";
		};
/* End PBXGroup section */

/* Begin PBXHeadersBuildPhase section */
		3D77A0E01BAC979000789333 /* Headers */ = {
			isa = PBXHeadersBuildPhase;
			buildActionMask = 2147483647;
			files = (
				3D77A1641BAC987700789333 /* FRDocumentList.h in Headers */,
				3D77A1521BAC987700789333 /* FRApplication.h in Headers */,
				3D77A1561BAC987700789333 /* FRCommand.h in Headers */,
				3D77A1601BAC987700789333 /* FRCrashLogFinder.h in Headers */,
				3D77A18A1BAC987700789333 /* NSMutableDictionary+Additions.h in Headers */,
				3D77A1801BAC987700789333 /* FRUploader.h in Headers */,
				3D77A17C1BAC987700789333 /* FRSystemProfile.h in Headers */,
				3D77A18E1BAC987700789333 /* NSString+Base64.h in Headers */,
				3D77A15E1BAC987700789333 /* FRConstants.h in Headers */,
				3DE8CF8D1BAEDC68007BD1BB /* FRConsoleLog.h in Headers */,
				3D77A16C1BAC987700789333 /* FRFeedbackController.h in Headers */,
				3D9AEC391BAD7EF5008074AC /* NSException+Callstack.h in Headers */,
				3D77A0E71BAC979000789333 /* F53FeedbackKit.h in Headers */,
				3D77A1741BAC987700789333 /* FRFeedbackReporter.h in Headers */,
				3DBACD0B1BACAF0B00FEAFCE /* F53FeedbackKit.pch in Headers */,
				3D77A1781BAC987700789333 /* FRProgressWindow.h in Headers */,
				3DE8CF8B1BAEC985007BD1BB /* FRMacFeedbackWindowController.h in Headers */,
			);
			runOnlyForDeploymentPostprocessing = 0;
		};
		3D77A0FF1BAC97BC00789333 /* Headers */ = {
			isa = PBXHeadersBuildPhase;
			buildActionMask = 2147483647;
			files = (
				3D77A1531BAC987700789333 /* FRApplication.h in Headers */,
				3D07BF461BB18CD5006BEC2B /* FRiOSFeedbackTableViewTextViewCell.h in Headers */,
				3D9AEC431BAE00EC008074AC /* FRCrashLogFinder.h in Headers */,
				3D07BF6D1BB1C272006BEC2B /* FRiOSFeedbackTableViewCheckmarkCell.h in Headers */,
				3D9AEC381BAD7EF5008074AC /* NSException+Callstack.h in Headers */,
				3D77A18B1BAC987700789333 /* NSMutableDictionary+Additions.h in Headers */,
				3D07BF501BB19682006BEC2B /* FRiOSFeedbackTableViewEmailCell.h in Headers */,
				3D77A1811BAC987700789333 /* FRUploader.h in Headers */,
				3D77A17D1BAC987700789333 /* FRSystemProfile.h in Headers */,
				3D07BF3A1BB17E52006BEC2B /* FRiOSFeedbackTableViewController.h in Headers */,
				3D77A18F1BAC987700789333 /* NSString+Base64.h in Headers */,
				3DBACD0D1BACAF2D00FEAFCE /* F53FeedbackKit_iOS.pch in Headers */,
				3D77A15F1BAC987700789333 /* FRConstants.h in Headers */,
				3DC3AA131BB0515E001E1765 /* FRConsoleLog.h in Headers */,
				3D07BF5B1BB19F2D006BEC2B /* FRiOSFeedbackTableViewTabPickerCell.h in Headers */,
				3D9AEC451BAE016D008074AC /* FRFeedbackController.h in Headers */,
				3D77A1051BAC97BC00789333 /* F53FeedbackKit_iOS.h in Headers */,
				3D77A1751BAC987700789333 /* FRFeedbackReporter.h in Headers */,
			);
			runOnlyForDeploymentPostprocessing = 0;
		};
/* End PBXHeadersBuildPhase section */

/* Begin PBXNativeTarget section */
		3D77A0E21BAC979000789333 /* F53FeedbackKit */ = {
			isa = PBXNativeTarget;
			buildConfigurationList = 3D77A0F71BAC979000789333 /* Build configuration list for PBXNativeTarget "F53FeedbackKit" */;
			buildPhases = (
				3D77A0DE1BAC979000789333 /* Sources */,
				3D77A0DF1BAC979000789333 /* Frameworks */,
				3D77A0E01BAC979000789333 /* Headers */,
				3D77A0E11BAC979000789333 /* Resources */,
				3DE27C821BB3501D007B7D50 /* ShellScript */,
			);
			buildRules = (
			);
			dependencies = (
			);
			name = F53FeedbackKit;
			productName = F53FeedbackKit;
			productReference = 3D77A0E31BAC979000789333 /* F53FeedbackKit.framework */;
			productType = "com.apple.product-type.framework";
		};
		3D77A0EC1BAC979000789333 /* F53FeedbackKitTests */ = {
			isa = PBXNativeTarget;
			buildConfigurationList = 3D77A0FA1BAC979000789333 /* Build configuration list for PBXNativeTarget "F53FeedbackKitTests" */;
			buildPhases = (
				3D77A0E91BAC979000789333 /* Sources */,
				3D77A0EA1BAC979000789333 /* Frameworks */,
				3D77A0EB1BAC979000789333 /* Resources */,
			);
			buildRules = (
			);
			dependencies = (
				3D77A0F01BAC979000789333 /* PBXTargetDependency */,
			);
			name = F53FeedbackKitTests;
			productName = F53FeedbackKitTests;
			productReference = 3D77A0ED1BAC979000789333 /* F53FeedbackKitTests.xctest */;
			productType = "com.apple.product-type.bundle.unit-test";
		};
		3D77A1011BAC97BC00789333 /* F53FeedbackKit_iOS */ = {
			isa = PBXNativeTarget;
			buildConfigurationList = 3D77A1131BAC97BC00789333 /* Build configuration list for PBXNativeTarget "F53FeedbackKit_iOS" */;
			buildPhases = (
				3D77A0FD1BAC97BC00789333 /* Sources */,
				3D77A0FE1BAC97BC00789333 /* Frameworks */,
				3D77A0FF1BAC97BC00789333 /* Headers */,
				3D77A1001BAC97BC00789333 /* Resources */,
				3DE27C811BB35017007B7D50 /* ShellScript */,
			);
			buildRules = (
			);
			dependencies = (
			);
			name = F53FeedbackKit_iOS;
			productName = F53FeedbackKit_iOS;
			productReference = 3D77A1021BAC97BC00789333 /* F53FeedbackKit_iOS.framework */;
			productType = "com.apple.product-type.framework";
		};
		3D77A10A1BAC97BC00789333 /* F53FeedbackKit_iOSTests */ = {
			isa = PBXNativeTarget;
			buildConfigurationList = 3D77A1161BAC97BC00789333 /* Build configuration list for PBXNativeTarget "F53FeedbackKit_iOSTests" */;
			buildPhases = (
				3D77A1071BAC97BC00789333 /* Sources */,
				3D77A1081BAC97BC00789333 /* Frameworks */,
				3D77A1091BAC97BC00789333 /* Resources */,
			);
			buildRules = (
			);
			dependencies = (
				3D77A10E1BAC97BC00789333 /* PBXTargetDependency */,
			);
			name = F53FeedbackKit_iOSTests;
			productName = F53FeedbackKit_iOSTests;
			productReference = 3D77A10B1BAC97BC00789333 /* F53FeedbackKit_iOSTests.xctest */;
			productType = "com.apple.product-type.bundle.unit-test";
		};
		3D77A1B51BAC9ADD00789333 /* App */ = {
			isa = PBXNativeTarget;
			buildConfigurationList = 3D77A1C41BAC9ADD00789333 /* Build configuration list for PBXNativeTarget "App" */;
			buildPhases = (
				3D77A1B21BAC9ADD00789333 /* Sources */,
				3D77A1B31BAC9ADD00789333 /* Frameworks */,
				3D77A1B41BAC9ADD00789333 /* Resources */,
			);
			buildRules = (
			);
			dependencies = (
			);
			name = App;
			productName = App;
			productReference = 3D77A1B61BAC9ADD00789333 /* App.app */;
			productType = "com.apple.product-type.application";
		};
		3D77A1CF1BAC9D5A00789333 /* Document App */ = {
			isa = PBXNativeTarget;
			buildConfigurationList = 3D77A1E41BAC9D5A00789333 /* Build configuration list for PBXNativeTarget "Document App" */;
			buildPhases = (
				3D77A1CC1BAC9D5A00789333 /* Sources */,
				3D77A1CD1BAC9D5A00789333 /* Frameworks */,
				3D77A1CE1BAC9D5A00789333 /* Resources */,
			);
			buildRules = (
			);
			dependencies = (
			);
			name = "Document App";
			productName = "Document App";
			productReference = 3D77A1D01BAC9D5A00789333 /* Document App.app */;
			productType = "com.apple.product-type.application";
		};
		3DC3AA1A1BB06BD4001E1765 /* iOSApp */ = {
			isa = PBXNativeTarget;
			buildConfigurationList = 3DC3AA2F1BB06BD4001E1765 /* Build configuration list for PBXNativeTarget "iOSApp" */;
			buildPhases = (
				3DC3AA171BB06BD4001E1765 /* Sources */,
				3DC3AA181BB06BD4001E1765 /* Frameworks */,
				3DC3AA191BB06BD4001E1765 /* Resources */,
			);
			buildRules = (
			);
			dependencies = (
			);
			name = iOSApp;
			productName = iOSApp;
			productReference = 3DC3AA1B1BB06BD4001E1765 /* iOSApp.app */;
			productType = "com.apple.product-type.application";
		};
/* End PBXNativeTarget section */

/* Begin PBXProject section */
		3D77A0DA1BAC979000789333 /* Project object */ = {
			isa = PBXProject;
			attributes = {
				LastUpgradeCheck = 0700;
				ORGANIZATIONNAME = "Figure 53, LLC.";
				TargetAttributes = {
					3D77A0E21BAC979000789333 = {
						CreatedOnToolsVersion = 7.0;
					};
					3D77A0EC1BAC979000789333 = {
						CreatedOnToolsVersion = 7.0;
					};
					3D77A1011BAC97BC00789333 = {
						CreatedOnToolsVersion = 7.0;
					};
					3D77A10A1BAC97BC00789333 = {
						CreatedOnToolsVersion = 7.0;
					};
					3D77A1B51BAC9ADD00789333 = {
						CreatedOnToolsVersion = 7.0;
					};
					3D77A1CF1BAC9D5A00789333 = {
						CreatedOnToolsVersion = 7.0;
					};
					3DC3AA1A1BB06BD4001E1765 = {
						CreatedOnToolsVersion = 7.0;
					};
				};
			};
			buildConfigurationList = 3D77A0DD1BAC979000789333 /* Build configuration list for PBXProject "F53FeedbackKit" */;
			compatibilityVersion = "Xcode 3.2";
			developmentRegion = English;
			hasScannedForEncodings = 0;
			knownRegions = (
				en,
				Base,
				ar,
				de,
				es,
				fr,
				hy,
				it,
				ru,
				"pt-br",
			);
			mainGroup = 3D77A0D91BAC979000789333;
			productRefGroup = 3D77A0E41BAC979000789333 /* Products */;
			projectDirPath = "";
			projectRoot = "";
			targets = (
				3D77A0E21BAC979000789333 /* F53FeedbackKit */,
				3D77A0EC1BAC979000789333 /* F53FeedbackKitTests */,
				3D77A1011BAC97BC00789333 /* F53FeedbackKit_iOS */,
				3D77A10A1BAC97BC00789333 /* F53FeedbackKit_iOSTests */,
				3D77A1B51BAC9ADD00789333 /* App */,
				3D77A1CF1BAC9D5A00789333 /* Document App */,
				3DC3AA1A1BB06BD4001E1765 /* iOSApp */,
			);
		};
/* End PBXProject section */

/* Begin PBXResourcesBuildPhase section */
		3D77A0E11BAC979000789333 /* Resources */ = {
			isa = PBXResourcesBuildPhase;
			buildActionMask = 2147483647;
			files = (
				3D6F54701BB31C7F00401F16 /* FeedbackReporter.strings in Resources */,
				3D77A2351BACA4EF00789333 /* FRMacFeedbackWindowController.xib in Resources */,
			);
			runOnlyForDeploymentPostprocessing = 0;
		};
		3D77A0EB1BAC979000789333 /* Resources */ = {
			isa = PBXResourcesBuildPhase;
			buildActionMask = 2147483647;
			files = (
			);
			runOnlyForDeploymentPostprocessing = 0;
		};
		3D77A1001BAC97BC00789333 /* Resources */ = {
			isa = PBXResourcesBuildPhase;
			buildActionMask = 2147483647;
			files = (
				3DF048441BB17D560085F6BC /* FRiOSFeedbackTableViewController.xib in Resources */,
				3D07BF551BB19697006BEC2B /* FRiOSFeedbackTableViewTextViewCell.xib in Resources */,
				3D07BF721BB1C29D006BEC2B /* FRiOSFeedbackTableViewCheckmarkCell.xib in Resources */,
				3D07BF521BB19693006BEC2B /* FRiOSFeedbackTableViewEmailCell.xib in Resources */,
				3D69753C1BB30D53005AC2B8 /* FeedbackReporter_iOS.strings in Resources */,
				3D07BF631BB1A008006BEC2B /* FRiOSFeedbackTableViewTabPickerCell.xib in Resources */,
			);
			runOnlyForDeploymentPostprocessing = 0;
		};
		3D77A1091BAC97BC00789333 /* Resources */ = {
			isa = PBXResourcesBuildPhase;
			buildActionMask = 2147483647;
			files = (
			);
			runOnlyForDeploymentPostprocessing = 0;
		};
		3D77A1B41BAC9ADD00789333 /* Resources */ = {
			isa = PBXResourcesBuildPhase;
			buildActionMask = 2147483647;
			files = (
				3D77A1C91BAC9CE400789333 /* App.xib in Resources */,
				3D77A1BF1BAC9ADD00789333 /* Assets.xcassets in Resources */,
			);
			runOnlyForDeploymentPostprocessing = 0;
		};
		3D77A1CE1BAC9D5A00789333 /* Resources */ = {
			isa = PBXResourcesBuildPhase;
			buildActionMask = 2147483647;
			files = (
				3D77A1DF1BAC9D5A00789333 /* Assets.xcassets in Resources */,
				3D77A1DD1BAC9D5A00789333 /* FRDocument.xib in Resources */,
				3D77A1E21BAC9D5A00789333 /* MainMenu.xib in Resources */,
				3D77A1EE1BAC9F3500789333 /* Credits.rtf in Resources */,
			);
			runOnlyForDeploymentPostprocessing = 0;
		};
		3DC3AA191BB06BD4001E1765 /* Resources */ = {
			isa = PBXResourcesBuildPhase;
			buildActionMask = 2147483647;
			files = (
				3DC3AA2D1BB06BD4001E1765 /* LaunchScreen.storyboard in Resources */,
				3DC3AA2A1BB06BD4001E1765 /* Assets.xcassets in Resources */,
				3DC3AA281BB06BD4001E1765 /* Main.storyboard in Resources */,
			);
			runOnlyForDeploymentPostprocessing = 0;
		};
/* End PBXResourcesBuildPhase section */

/* Begin PBXShellScriptBuildPhase section */
		3DE27C811BB35017007B7D50 /* ShellScript */ = {
			isa = PBXShellScriptBuildPhase;
			buildActionMask = 2147483647;
			files = (
			);
			inputPaths = (
			);
			outputPaths = (
			);
			runOnlyForDeploymentPostprocessing = 0;
			shellPath = /bin/sh;
			shellScript = "set -e\n\n# If we're already inside this script then die\nif [ -n \"$F53_BUILD_IN_PROGRESS\" ]; then\nexit 0\nfi\nexport F53_BUILD_IN_PROGRESS=1\n\nF53_FRAMEWORK_NAME=${TARGET_NAME}\nF53_FRAMEWORK_LOCATION=\"${BUILT_PRODUCTS_DIR}/${F53_FRAMEWORK_NAME}.framework\"\n\n# Copy the framework to the user's desktop\nditto \"${F53_FRAMEWORK_LOCATION}\" \"${HOME}/Desktop/${F53_FRAMEWORK_NAME}.framework\"";
		};
		3DE27C821BB3501D007B7D50 /* ShellScript */ = {
			isa = PBXShellScriptBuildPhase;
			buildActionMask = 2147483647;
			files = (
			);
			inputPaths = (
			);
			outputPaths = (
			);
			runOnlyForDeploymentPostprocessing = 0;
			shellPath = /bin/sh;
			shellScript = "set -e\n\n# If we're already inside this script then die\nif [ -n \"$F53_BUILD_IN_PROGRESS\" ]; then\nexit 0\nfi\nexport F53_BUILD_IN_PROGRESS=1\n\nF53_FRAMEWORK_NAME=${TARGET_NAME}\nF53_FRAMEWORK_LOCATION=\"${BUILT_PRODUCTS_DIR}/${F53_FRAMEWORK_NAME}.framework\"\n\n# Copy the framework to the user's desktop\nditto \"${F53_FRAMEWORK_LOCATION}\" \"${HOME}/Desktop/${F53_FRAMEWORK_NAME}.framework\"";
		};
/* End PBXShellScriptBuildPhase section */

/* Begin PBXSourcesBuildPhase section */
		3D77A0DE1BAC979000789333 /* Sources */ = {
			isa = PBXSourcesBuildPhase;
			buildActionMask = 2147483647;
			files = (
				3D77A1541BAC987700789333 /* FRApplication.m in Sources */,
				3D77A17A1BAC987700789333 /* FRProgressWindow.m in Sources */,
				3D77A17E1BAC987700789333 /* FRSystemProfile.m in Sources */,
				3D77A1901BAC987700789333 /* NSString+Base64.m in Sources */,
				3D77A18C1BAC987700789333 /* NSMutableDictionary+Additions.m in Sources */,
				3D77A15C1BAC987700789333 /* FRConsoleLog.m in Sources */,
				3DDBAB391BB1CB210071E076 /* FRFeedbackController.m in Sources */,
				3D77A1661BAC987700789333 /* FRDocumentList.m in Sources */,
				3D77A1821BAC987700789333 /* FRUploader.m in Sources */,
				3D77A1621BAC987700789333 /* FRCrashLogFinder.m in Sources */,
				3DE8CF8C1BAEC985007BD1BB /* FRMacFeedbackWindowController.m in Sources */,
				3D9AEC3B1BAD7EFA008074AC /* NSException+Callstack.m in Sources */,
				3D1711321BACC18A0094EF89 /* FRFeedbackReporter.m in Sources */,
				3D77A1581BAC987700789333 /* FRCommand.m in Sources */,
			);
			runOnlyForDeploymentPostprocessing = 0;
		};
		3D77A0E91BAC979000789333 /* Sources */ = {
			isa = PBXSourcesBuildPhase;
			buildActionMask = 2147483647;
			files = (
				3D77A1AA1BAC9A5A00789333 /* SystemProfileTestCase.m in Sources */,
				3D77A1A91BAC9A5A00789333 /* CommandTestCase.m in Sources */,
				3DBACD081BACAA5300FEAFCE /* FRConsoleLog.m in Sources */,
				3D77A1AB1BAC9A5A00789333 /* UploaderTestCase.m in Sources */,
			);
			runOnlyForDeploymentPostprocessing = 0;
		};
		3D77A0FD1BAC97BC00789333 /* Sources */ = {
			isa = PBXSourcesBuildPhase;
			buildActionMask = 2147483647;
			files = (
				3D07BF6E1BB1C272006BEC2B /* FRiOSFeedbackTableViewCheckmarkCell.m in Sources */,
				3D9AEC441BAE00EF008074AC /* FRCrashLogFinder.m in Sources */,
				3D07BF511BB19682006BEC2B /* FRiOSFeedbackTableViewEmailCell.m in Sources */,
				3D9AEC461BAE0171008074AC /* FRFeedbackController.m in Sources */,
				3D77A1551BAC987700789333 /* FRApplication.m in Sources */,
				3D77A17F1BAC987700789333 /* FRSystemProfile.m in Sources */,
				3D77A1911BAC987700789333 /* NSString+Base64.m in Sources */,
				3D07BF471BB18CD5006BEC2B /* FRiOSFeedbackTableViewTextViewCell.m in Sources */,
				3D77A18D1BAC987700789333 /* NSMutableDictionary+Additions.m in Sources */,
				3DC3AA161BB05163001E1765 /* FRConsoleLog.m in Sources */,
				3D07BF5C1BB19F2D006BEC2B /* FRiOSFeedbackTableViewTabPickerCell.m in Sources */,
				3D77A1831BAC987700789333 /* FRUploader.m in Sources */,
				3D07BF3B1BB17E52006BEC2B /* FRiOSFeedbackTableViewController.m in Sources */,
				3D1711331BACC18B0094EF89 /* FRFeedbackReporter.m in Sources */,
				3D9AEC3A1BAD7EF9008074AC /* NSException+Callstack.m in Sources */,
			);
			runOnlyForDeploymentPostprocessing = 0;
		};
		3D77A1071BAC97BC00789333 /* Sources */ = {
			isa = PBXSourcesBuildPhase;
			buildActionMask = 2147483647;
			files = (
				3DC3AA151BB05163001E1765 /* FRConsoleLog.m in Sources */,
				3D77A1B01BAC9A7C00789333 /* SystemProfileTestCase.m in Sources */,
				3D77A1B11BAC9A7C00789333 /* UploaderTestCase.m in Sources */,
			);
			runOnlyForDeploymentPostprocessing = 0;
		};
		3D77A1B21BAC9ADD00789333 /* Sources */ = {
			isa = PBXSourcesBuildPhase;
			buildActionMask = 2147483647;
			files = (
				3D77A1BD1BAC9ADD00789333 /* main.m in Sources */,
				3D1711301BACC11D0094EF89 /* FRExceptionReportingApplication.m in Sources */,
				3D77A1BA1BAC9ADD00789333 /* AppDelegate.m in Sources */,
			);
			runOnlyForDeploymentPostprocessing = 0;
		};
		3D77A1CC1BAC9D5A00789333 /* Sources */ = {
			isa = PBXSourcesBuildPhase;
			buildActionMask = 2147483647;
			files = (
				3DE8CF8E1BAEEE18007BD1BB /* AppDelegate.m in Sources */,
				3D77A1DA1BAC9D5A00789333 /* FRDocument.m in Sources */,
				3D77A1D71BAC9D5A00789333 /* main.m in Sources */,
				3DE8CF8F1BAEEE44007BD1BB /* FRExceptionReportingApplication.m in Sources */,
			);
			runOnlyForDeploymentPostprocessing = 0;
		};
		3DC3AA171BB06BD4001E1765 /* Sources */ = {
			isa = PBXSourcesBuildPhase;
			buildActionMask = 2147483647;
			files = (
				3DC3AA251BB06BD4001E1765 /* TableViewController.m in Sources */,
				3DC3AA221BB06BD4001E1765 /* AppDelegate.m in Sources */,
				3DC3AA1F1BB06BD4001E1765 /* main.m in Sources */,
			);
			runOnlyForDeploymentPostprocessing = 0;
		};
/* End PBXSourcesBuildPhase section */

/* Begin PBXTargetDependency section */
		3D77A0F01BAC979000789333 /* PBXTargetDependency */ = {
			isa = PBXTargetDependency;
			target = 3D77A0E21BAC979000789333 /* F53FeedbackKit */;
			targetProxy = 3D77A0EF1BAC979000789333 /* PBXContainerItemProxy */;
		};
		3D77A10E1BAC97BC00789333 /* PBXTargetDependency */ = {
			isa = PBXTargetDependency;
			target = 3D77A1011BAC97BC00789333 /* F53FeedbackKit_iOS */;
			targetProxy = 3D77A10D1BAC97BC00789333 /* PBXContainerItemProxy */;
		};
/* End PBXTargetDependency section */

/* Begin PBXVariantGroup section */
		3D07BF541BB19693006BEC2B /* FRiOSFeedbackTableViewEmailCell.xib */ = {
			isa = PBXVariantGroup;
			children = (
				3D07BF531BB19693006BEC2B /* Base */,
			);
			name = FRiOSFeedbackTableViewEmailCell.xib;
			sourceTree = "<group>";
		};
		3D07BF571BB19697006BEC2B /* FRiOSFeedbackTableViewTextViewCell.xib */ = {
			isa = PBXVariantGroup;
			children = (
				3D07BF561BB19697006BEC2B /* Base */,
			);
			name = FRiOSFeedbackTableViewTextViewCell.xib;
			sourceTree = "<group>";
		};
		3D07BF651BB1A008006BEC2B /* FRiOSFeedbackTableViewTabPickerCell.xib */ = {
			isa = PBXVariantGroup;
			children = (
				3D07BF641BB1A008006BEC2B /* Base */,
			);
			name = FRiOSFeedbackTableViewTabPickerCell.xib;
			sourceTree = "<group>";
		};
		3D07BF741BB1C29D006BEC2B /* FRiOSFeedbackTableViewCheckmarkCell.xib */ = {
			isa = PBXVariantGroup;
			children = (
				3D07BF731BB1C29D006BEC2B /* Base */,
			);
			name = FRiOSFeedbackTableViewCheckmarkCell.xib;
			sourceTree = "<group>";
		};
		3D6975301BB30C50005AC2B8 /* FeedbackReporter.strings */ = {
			isa = PBXVariantGroup;
			children = (
				3D69752F1BB30C50005AC2B8 /* Base */,
				3D6975311BB30C8D005AC2B8 /* ar */,
				3D6975321BB30C8E005AC2B8 /* en */,
				3D6975331BB30C91005AC2B8 /* de */,
				3D6975341BB30C93005AC2B8 /* es */,
				3D6975351BB30C95005AC2B8 /* fr */,
				3D6975361BB30C97005AC2B8 /* hy */,
				3D6975371BB30C9F005AC2B8 /* it */,
				3D6975381BB30CA1005AC2B8 /* ru */,
				3D6975391BB30CA4005AC2B8 /* pt-br */,
			);
			name = FeedbackReporter.strings;
			sourceTree = "<group>";
		};
		3D69753A1BB30D53005AC2B8 /* FeedbackReporter_iOS.strings */ = {
			isa = PBXVariantGroup;
			children = (
				3D69753B1BB30D53005AC2B8 /* Base */,
			);
			name = FeedbackReporter_iOS.strings;
			sourceTree = "<group>";
		};
		3D77A1CB1BAC9CE400789333 /* App.xib */ = {
			isa = PBXVariantGroup;
			children = (
				3D77A1CA1BAC9CE400789333 /* Base */,
			);
			name = App.xib;
			sourceTree = "<group>";
		};
		3D77A1DB1BAC9D5A00789333 /* FRDocument.xib */ = {
			isa = PBXVariantGroup;
			children = (
				3D77A1DC1BAC9D5A00789333 /* Base */,
			);
			name = FRDocument.xib;
			sourceTree = "<group>";
		};
		3D77A1E01BAC9D5A00789333 /* MainMenu.xib */ = {
			isa = PBXVariantGroup;
			children = (
				3D77A1E11BAC9D5A00789333 /* Base */,
			);
			name = MainMenu.xib;
			sourceTree = "<group>";
		};
		3D77A1F01BAC9F3500789333 /* Credits.rtf */ = {
			isa = PBXVariantGroup;
			children = (
				3D77A1EF1BAC9F3500789333 /* Base */,
			);
			name = Credits.rtf;
			sourceTree = "<group>";
		};
		3D77A2231BACA4EF00789333 /* FRMacFeedbackWindowController.xib */ = {
			isa = PBXVariantGroup;
			children = (
				3D77A2371BACA50F00789333 /* Base */,
			);
			name = FRMacFeedbackWindowController.xib;
			sourceTree = "<group>";
		};
		3DC3AA261BB06BD4001E1765 /* Main.storyboard */ = {
			isa = PBXVariantGroup;
			children = (
				3DC3AA271BB06BD4001E1765 /* Base */,
			);
			name = Main.storyboard;
			sourceTree = "<group>";
		};
		3DC3AA2B1BB06BD4001E1765 /* LaunchScreen.storyboard */ = {
			isa = PBXVariantGroup;
			children = (
				3DC3AA2C1BB06BD4001E1765 /* Base */,
			);
			name = LaunchScreen.storyboard;
			sourceTree = "<group>";
		};
		3DF048421BB17D560085F6BC /* FRiOSFeedbackTableViewController.xib */ = {
			isa = PBXVariantGroup;
			children = (
				3DF048431BB17D560085F6BC /* Base */,
			);
			name = FRiOSFeedbackTableViewController.xib;
			sourceTree = "<group>";
		};
/* End PBXVariantGroup section */

/* Begin XCBuildConfiguration section */
		3D77A0F51BAC979000789333 /* Debug */ = {
			isa = XCBuildConfiguration;
			buildSettings = {
				ALWAYS_SEARCH_USER_PATHS = YES;
				ARCHS = "$(ARCHS_STANDARD)";
				CLANG_CXX_LANGUAGE_STANDARD = "gnu++0x";
				CLANG_CXX_LIBRARY = "libc++";
				CLANG_ENABLE_MODULES = YES;
				CLANG_ENABLE_OBJC_ARC = YES;
				CLANG_WARN_BOOL_CONVERSION = YES;
				CLANG_WARN_CONSTANT_CONVERSION = YES;
				CLANG_WARN_DIRECT_OBJC_ISA_USAGE = YES_ERROR;
				CLANG_WARN_EMPTY_BODY = YES;
				CLANG_WARN_ENUM_CONVERSION = YES;
				CLANG_WARN_INT_CONVERSION = YES;
				CLANG_WARN_OBJC_ROOT_CLASS = YES_ERROR;
				CLANG_WARN_UNREACHABLE_CODE = YES;
				CLANG_WARN__DUPLICATE_METHOD_MATCH = YES;
				COPY_PHASE_STRIP = NO;
				CURRENT_PROJECT_VERSION = 1;
				DEBUG_INFORMATION_FORMAT = dwarf;
				DYLIB_INSTALL_NAME_BASE = "@rpath";
				ENABLE_STRICT_OBJC_MSGSEND = YES;
				ENABLE_TESTABILITY = YES;
				FRAMEWORK_SEARCH_PATHS = "";
				GCC_C_LANGUAGE_STANDARD = gnu99;
				GCC_DYNAMIC_NO_PIC = NO;
				GCC_NO_COMMON_BLOCKS = YES;
				GCC_OPTIMIZATION_LEVEL = 0;
				GCC_PREFIX_HEADER = "";
				GCC_PREPROCESSOR_DEFINITIONS = (
					"DEBUG=1",
					"$(inherited)",
				);
				GCC_WARN_64_TO_32_BIT_CONVERSION = YES;
				GCC_WARN_ABOUT_RETURN_TYPE = YES_ERROR;
				GCC_WARN_UNDECLARED_SELECTOR = YES;
				GCC_WARN_UNINITIALIZED_AUTOS = YES_AGGRESSIVE;
				GCC_WARN_UNUSED_FUNCTION = YES;
				GCC_WARN_UNUSED_VARIABLE = YES;
				IPHONEOS_DEPLOYMENT_TARGET = 8.4;
				LD_RUNPATH_SEARCH_PATHS = "$(inherited) @executable_path/../Frameworks @loader_path/../Frameworks @executable_path/Frameworks @loader_path/Frameworks";
				MACOSX_DEPLOYMENT_TARGET = 10.8;
				MTL_ENABLE_DEBUG_INFO = YES;
				ONLY_ACTIVE_ARCH = YES;
				SDKROOT = macosx;
				SUPPORTED_PLATFORMS = macosx;
				VALID_ARCHS = "i386 x86_64";
				VERSIONING_SYSTEM = "apple-generic";
				VERSION_INFO_PREFIX = "";
			};
			name = Debug;
		};
		3D77A0F61BAC979000789333 /* Release */ = {
			isa = XCBuildConfiguration;
			buildSettings = {
				ALWAYS_SEARCH_USER_PATHS = YES;
				ARCHS = "$(ARCHS_STANDARD)";
				CLANG_CXX_LANGUAGE_STANDARD = "gnu++0x";
				CLANG_CXX_LIBRARY = "libc++";
				CLANG_ENABLE_MODULES = YES;
				CLANG_ENABLE_OBJC_ARC = YES;
				CLANG_WARN_BOOL_CONVERSION = YES;
				CLANG_WARN_CONSTANT_CONVERSION = YES;
				CLANG_WARN_DIRECT_OBJC_ISA_USAGE = YES_ERROR;
				CLANG_WARN_EMPTY_BODY = YES;
				CLANG_WARN_ENUM_CONVERSION = YES;
				CLANG_WARN_INT_CONVERSION = YES;
				CLANG_WARN_OBJC_ROOT_CLASS = YES_ERROR;
				CLANG_WARN_UNREACHABLE_CODE = YES;
				CLANG_WARN__DUPLICATE_METHOD_MATCH = YES;
				COPY_PHASE_STRIP = NO;
				CURRENT_PROJECT_VERSION = 1;
				DEBUG_INFORMATION_FORMAT = "dwarf-with-dsym";
				DYLIB_INSTALL_NAME_BASE = "@rpath";
				ENABLE_NS_ASSERTIONS = NO;
				ENABLE_STRICT_OBJC_MSGSEND = YES;
				FRAMEWORK_SEARCH_PATHS = "";
				GCC_C_LANGUAGE_STANDARD = gnu99;
				GCC_NO_COMMON_BLOCKS = YES;
				GCC_PREFIX_HEADER = "";
				GCC_WARN_64_TO_32_BIT_CONVERSION = YES;
				GCC_WARN_ABOUT_RETURN_TYPE = YES_ERROR;
				GCC_WARN_UNDECLARED_SELECTOR = YES;
				GCC_WARN_UNINITIALIZED_AUTOS = YES_AGGRESSIVE;
				GCC_WARN_UNUSED_FUNCTION = YES;
				GCC_WARN_UNUSED_VARIABLE = YES;
				IPHONEOS_DEPLOYMENT_TARGET = 8.4;
				LD_RUNPATH_SEARCH_PATHS = "$(inherited) @executable_path/../Frameworks @loader_path/../Frameworks @executable_path/Frameworks @loader_path/Frameworks";
				MACOSX_DEPLOYMENT_TARGET = 10.8;
				MTL_ENABLE_DEBUG_INFO = NO;
				ONLY_ACTIVE_ARCH = NO;
				SDKROOT = macosx;
				SUPPORTED_PLATFORMS = macosx;
				VALID_ARCHS = "i386 x86_64";
				VERSIONING_SYSTEM = "apple-generic";
				VERSION_INFO_PREFIX = "";
			};
			name = Release;
		};
		3D77A0F81BAC979000789333 /* Debug */ = {
			isa = XCBuildConfiguration;
			buildSettings = {
				COMBINE_HIDPI_IMAGES = YES;
				DEFINES_MODULE = YES;
				DYLIB_COMPATIBILITY_VERSION = 1;
				DYLIB_CURRENT_VERSION = 1;
				DYLIB_INSTALL_NAME_BASE = "@rpath";
				FRAMEWORK_VERSION = A;
				GCC_PREFIX_HEADER = F53FeedbackKit/F53FeedbackKit.pch;
				INFOPLIST_FILE = F53FeedbackKit/Info.plist;
				INSTALL_PATH = "@loader_path/../Frameworks";
				LD_RUNPATH_SEARCH_PATHS = "$(inherited)";
				ONLY_ACTIVE_ARCH = NO;
				PRODUCT_BUNDLE_IDENTIFIER = com.figure53.F53FeedbackKit;
				PRODUCT_NAME = "$(TARGET_NAME)";
				SKIP_INSTALL = YES;
				SUPPORTED_PLATFORMS = macosx;
				VALID_ARCHS = "i386 x86_64";
			};
			name = Debug;
		};
		3D77A0F91BAC979000789333 /* Release */ = {
			isa = XCBuildConfiguration;
			buildSettings = {
				COMBINE_HIDPI_IMAGES = YES;
				DEFINES_MODULE = YES;
				DYLIB_COMPATIBILITY_VERSION = 1;
				DYLIB_CURRENT_VERSION = 1;
				DYLIB_INSTALL_NAME_BASE = "@rpath";
				FRAMEWORK_VERSION = A;
				GCC_PREFIX_HEADER = F53FeedbackKit/F53FeedbackKit.pch;
				INFOPLIST_FILE = F53FeedbackKit/Info.plist;
				INSTALL_PATH = "@loader_path/../Frameworks";
				LD_RUNPATH_SEARCH_PATHS = "$(inherited)";
				ONLY_ACTIVE_ARCH = NO;
				PRODUCT_BUNDLE_IDENTIFIER = com.figure53.F53FeedbackKit;
				PRODUCT_NAME = "$(TARGET_NAME)";
				SKIP_INSTALL = YES;
				SUPPORTED_PLATFORMS = macosx;
				VALID_ARCHS = "i386 x86_64";
			};
			name = Release;
		};
		3D77A0FB1BAC979000789333 /* Debug */ = {
			isa = XCBuildConfiguration;
			buildSettings = {
				COMBINE_HIDPI_IMAGES = YES;
				INFOPLIST_FILE = F53FeedbackKitTests/Info.plist;
				LD_RUNPATH_SEARCH_PATHS = "$(inherited)";
				PRODUCT_BUNDLE_IDENTIFIER = com.figure53.F53FeedbackKitTests;
				PRODUCT_NAME = "$(TARGET_NAME)";
			};
			name = Debug;
		};
		3D77A0FC1BAC979000789333 /* Release */ = {
			isa = XCBuildConfiguration;
			buildSettings = {
				COMBINE_HIDPI_IMAGES = YES;
				INFOPLIST_FILE = F53FeedbackKitTests/Info.plist;
				LD_RUNPATH_SEARCH_PATHS = "$(inherited)";
				PRODUCT_BUNDLE_IDENTIFIER = com.figure53.F53FeedbackKitTests;
				PRODUCT_NAME = "$(TARGET_NAME)";
			};
			name = Release;
		};
		3D77A1141BAC97BC00789333 /* Debug */ = {
			isa = XCBuildConfiguration;
			buildSettings = {
				ARCHS = "$(ARCHS_STANDARD)";
				"CODE_SIGN_IDENTITY[sdk=iphoneos*]" = "iPhone Developer";
				DEFINES_MODULE = YES;
				DYLIB_COMPATIBILITY_VERSION = 1;
				DYLIB_CURRENT_VERSION = 1;
				DYLIB_INSTALL_NAME_BASE = "@rpath";
				GCC_PREFIX_HEADER = F53FeedbackKit_iOS/F53FeedbackKit_iOS.pch;
				INFOPLIST_FILE = F53FeedbackKit_iOS/Info.plist;
				INSTALL_PATH = "@loader_path/../Frameworks";
				LD_RUNPATH_SEARCH_PATHS = "$(inherited)";
				ONLY_ACTIVE_ARCH = NO;
				PRODUCT_BUNDLE_IDENTIFIER = "com.figure53.F53FeedbackKit-iOS";
				PRODUCT_NAME = "$(TARGET_NAME)";
				REEXPORTED_FRAMEWORK_NAMES = "";
				SDKROOT = iphoneos;
				SKIP_INSTALL = YES;
				SUPPORTED_PLATFORMS = "iphonesimulator iphoneos";
				TARGETED_DEVICE_FAMILY = "1,2";
				VALID_ARCHS = "arm64 armv7 armv7s";
			};
			name = Debug;
		};
		3D77A1151BAC97BC00789333 /* Release */ = {
			isa = XCBuildConfiguration;
			buildSettings = {
				ARCHS = "$(ARCHS_STANDARD)";
				"CODE_SIGN_IDENTITY[sdk=iphoneos*]" = "iPhone Developer";
				DEFINES_MODULE = YES;
				DYLIB_COMPATIBILITY_VERSION = 1;
				DYLIB_CURRENT_VERSION = 1;
				DYLIB_INSTALL_NAME_BASE = "@rpath";
				GCC_PREFIX_HEADER = F53FeedbackKit_iOS/F53FeedbackKit_iOS.pch;
				INFOPLIST_FILE = F53FeedbackKit_iOS/Info.plist;
				INSTALL_PATH = "@loader_path/../Frameworks";
				LD_RUNPATH_SEARCH_PATHS = "$(inherited)";
				ONLY_ACTIVE_ARCH = NO;
				PRODUCT_BUNDLE_IDENTIFIER = "com.figure53.F53FeedbackKit-iOS";
				PRODUCT_NAME = "$(TARGET_NAME)";
				REEXPORTED_FRAMEWORK_NAMES = "";
				SDKROOT = iphoneos;
				SKIP_INSTALL = YES;
				SUPPORTED_PLATFORMS = "iphonesimulator iphoneos";
				TARGETED_DEVICE_FAMILY = "1,2";
				VALIDATE_PRODUCT = YES;
				VALID_ARCHS = "arm64 armv7 armv7s";
			};
			name = Release;
		};
		3D77A1171BAC97BC00789333 /* Debug */ = {
			isa = XCBuildConfiguration;
			buildSettings = {
				"CODE_SIGN_IDENTITY[sdk=iphoneos*]" = "iPhone Developer";
				INFOPLIST_FILE = F53FeedbackKit_iOSTests/Info.plist;
				IPHONEOS_DEPLOYMENT_TARGET = 9.0;
				LD_RUNPATH_SEARCH_PATHS = "$(inherited)";
				PRODUCT_BUNDLE_IDENTIFIER = "com.figure53.F53FeedbackKit-iOSTests";
				PRODUCT_NAME = "$(TARGET_NAME)";
				SDKROOT = iphoneos;
				SUPPORTED_PLATFORMS = "iphonesimulator iphoneos";
				VALID_ARCHS = "arm64 armv7 armv7s";
			};
			name = Debug;
		};
		3D77A1181BAC97BC00789333 /* Release */ = {
			isa = XCBuildConfiguration;
			buildSettings = {
				"CODE_SIGN_IDENTITY[sdk=iphoneos*]" = "iPhone Developer";
				INFOPLIST_FILE = F53FeedbackKit_iOSTests/Info.plist;
				IPHONEOS_DEPLOYMENT_TARGET = 9.0;
				LD_RUNPATH_SEARCH_PATHS = "$(inherited)";
				PRODUCT_BUNDLE_IDENTIFIER = "com.figure53.F53FeedbackKit-iOSTests";
				PRODUCT_NAME = "$(TARGET_NAME)";
				SDKROOT = iphoneos;
				SUPPORTED_PLATFORMS = "iphonesimulator iphoneos";
				VALIDATE_PRODUCT = YES;
				VALID_ARCHS = "arm64 armv7 armv7s";
			};
			name = Release;
		};
		3D77A1C51BAC9ADD00789333 /* Debug */ = {
			isa = XCBuildConfiguration;
			buildSettings = {
				ASSETCATALOG_COMPILER_APPICON_NAME = AppIcon;
				CODE_SIGN_IDENTITY = "-";
				COMBINE_HIDPI_IMAGES = YES;
				INFOPLIST_FILE = App/Info.plist;
				LD_RUNPATH_SEARCH_PATHS = "$(inherited)";
				PRODUCT_BUNDLE_IDENTIFIER = com.figure53.App;
				PRODUCT_NAME = "$(TARGET_NAME)";
			};
			name = Debug;
		};
		3D77A1C61BAC9ADD00789333 /* Release */ = {
			isa = XCBuildConfiguration;
			buildSettings = {
				ASSETCATALOG_COMPILER_APPICON_NAME = AppIcon;
				CODE_SIGN_IDENTITY = "-";
				COMBINE_HIDPI_IMAGES = YES;
				INFOPLIST_FILE = App/Info.plist;
				LD_RUNPATH_SEARCH_PATHS = "$(inherited)";
				PRODUCT_BUNDLE_IDENTIFIER = com.figure53.App;
				PRODUCT_NAME = "$(TARGET_NAME)";
			};
			name = Release;
		};
		3D77A1E51BAC9D5A00789333 /* Debug */ = {
			isa = XCBuildConfiguration;
			buildSettings = {
				ASSETCATALOG_COMPILER_APPICON_NAME = AppIcon;
				CODE_SIGN_IDENTITY = "-";
				COMBINE_HIDPI_IMAGES = YES;
				INFOPLIST_FILE = "Document App/Info.plist";
				LD_RUNPATH_SEARCH_PATHS = "$(inherited)";
				PRODUCT_BUNDLE_IDENTIFIER = "com.figure53.Document-App";
				PRODUCT_NAME = "$(TARGET_NAME)";
			};
			name = Debug;
		};
		3D77A1E61BAC9D5A00789333 /* Release */ = {
			isa = XCBuildConfiguration;
			buildSettings = {
				ASSETCATALOG_COMPILER_APPICON_NAME = AppIcon;
				CODE_SIGN_IDENTITY = "-";
				COMBINE_HIDPI_IMAGES = YES;
				INFOPLIST_FILE = "Document App/Info.plist";
				LD_RUNPATH_SEARCH_PATHS = "$(inherited)";
				PRODUCT_BUNDLE_IDENTIFIER = "com.figure53.Document-App";
				PRODUCT_NAME = "$(TARGET_NAME)";
			};
			name = Release;
		};
		3DC3AA301BB06BD4001E1765 /* Debug */ = {
			isa = XCBuildConfiguration;
			buildSettings = {
				ARCHS = "$(ARCHS_STANDARD)";
				ASSETCATALOG_COMPILER_APPICON_NAME = AppIcon;
				"CODE_SIGN_IDENTITY[sdk=iphoneos*]" = "iPhone Developer";
				INFOPLIST_FILE = iOSApp/Info.plist;
				LD_RUNPATH_SEARCH_PATHS = "$(inherited)";
				PRODUCT_BUNDLE_IDENTIFIER = com.figure53.iOSApp;
				PRODUCT_NAME = "$(TARGET_NAME)";
				SDKROOT = iphoneos;
				SUPPORTED_PLATFORMS = "iphonesimulator iphoneos";
				TARGETED_DEVICE_FAMILY = "1,2";
				VALID_ARCHS = "arm64 armv7 armv7s";
			};
			name = Debug;
		};
		3DC3AA311BB06BD4001E1765 /* Release */ = {
			isa = XCBuildConfiguration;
			buildSettings = {
				ARCHS = "$(ARCHS_STANDARD)";
				ASSETCATALOG_COMPILER_APPICON_NAME = AppIcon;
				"CODE_SIGN_IDENTITY[sdk=iphoneos*]" = "iPhone Developer";
				INFOPLIST_FILE = iOSApp/Info.plist;
				LD_RUNPATH_SEARCH_PATHS = "$(inherited)";
				PRODUCT_BUNDLE_IDENTIFIER = com.figure53.iOSApp;
				PRODUCT_NAME = "$(TARGET_NAME)";
				SDKROOT = iphoneos;
				SUPPORTED_PLATFORMS = "iphonesimulator iphoneos";
				TARGETED_DEVICE_FAMILY = "1,2";
				VALIDATE_PRODUCT = YES;
				VALID_ARCHS = "arm64 armv7 armv7s";
			};
			name = Release;
		};
/* End XCBuildConfiguration section */

/* Begin XCConfigurationList section */
		3D77A0DD1BAC979000789333 /* Build configuration list for PBXProject "F53FeedbackKit" */ = {
			isa = XCConfigurationList;
			buildConfigurations = (
				3D77A0F51BAC979000789333 /* Debug */,
				3D77A0F61BAC979000789333 /* Release */,
			);
			defaultConfigurationIsVisible = 0;
			defaultConfigurationName = Release;
		};
		3D77A0F71BAC979000789333 /* Build configuration list for PBXNativeTarget "F53FeedbackKit" */ = {
			isa = XCConfigurationList;
			buildConfigurations = (
				3D77A0F81BAC979000789333 /* Debug */,
				3D77A0F91BAC979000789333 /* Release */,
			);
			defaultConfigurationIsVisible = 0;
			defaultConfigurationName = Release;
		};
		3D77A0FA1BAC979000789333 /* Build configuration list for PBXNativeTarget "F53FeedbackKitTests" */ = {
			isa = XCConfigurationList;
			buildConfigurations = (
				3D77A0FB1BAC979000789333 /* Debug */,
				3D77A0FC1BAC979000789333 /* Release */,
			);
			defaultConfigurationIsVisible = 0;
			defaultConfigurationName = Release;
		};
		3D77A1131BAC97BC00789333 /* Build configuration list for PBXNativeTarget "F53FeedbackKit_iOS" */ = {
			isa = XCConfigurationList;
			buildConfigurations = (
				3D77A1141BAC97BC00789333 /* Debug */,
				3D77A1151BAC97BC00789333 /* Release */,
			);
			defaultConfigurationIsVisible = 0;
			defaultConfigurationName = Release;
		};
		3D77A1161BAC97BC00789333 /* Build configuration list for PBXNativeTarget "F53FeedbackKit_iOSTests" */ = {
			isa = XCConfigurationList;
			buildConfigurations = (
				3D77A1171BAC97BC00789333 /* Debug */,
				3D77A1181BAC97BC00789333 /* Release */,
			);
			defaultConfigurationIsVisible = 0;
			defaultConfigurationName = Release;
		};
		3D77A1C41BAC9ADD00789333 /* Build configuration list for PBXNativeTarget "App" */ = {
			isa = XCConfigurationList;
			buildConfigurations = (
				3D77A1C51BAC9ADD00789333 /* Debug */,
				3D77A1C61BAC9ADD00789333 /* Release */,
			);
			defaultConfigurationIsVisible = 0;
			defaultConfigurationName = Release;
		};
		3D77A1E41BAC9D5A00789333 /* Build configuration list for PBXNativeTarget "Document App" */ = {
			isa = XCConfigurationList;
			buildConfigurations = (
				3D77A1E51BAC9D5A00789333 /* Debug */,
				3D77A1E61BAC9D5A00789333 /* Release */,
			);
			defaultConfigurationIsVisible = 0;
			defaultConfigurationName = Release;
		};
		3DC3AA2F1BB06BD4001E1765 /* Build configuration list for PBXNativeTarget "iOSApp" */ = {
			isa = XCConfigurationList;
			buildConfigurations = (
				3DC3AA301BB06BD4001E1765 /* Debug */,
				3DC3AA311BB06BD4001E1765 /* Release */,
			);
			defaultConfigurationIsVisible = 0;
			defaultConfigurationName = Release;
		};
/* End XCConfigurationList section */
	};
	rootObject = 3D77A0DA1BAC979000789333 /* Project object */;
}
